// !$*UTF8*$!
{
	archiveVersion = 1;
	classes = {
	};
	objectVersion = 55;
	objects = {

/* Begin PBXBuildFile section */
		AECB773B28CC9EEC004B77F2 /* AppDelegate.swift in Sources */ = {isa = PBXBuildFile; fileRef = AECB773A28CC9EEC004B77F2 /* AppDelegate.swift */; };
		AECB773D28CC9EEC004B77F2 /* SceneDelegate.swift in Sources */ = {isa = PBXBuildFile; fileRef = AECB773C28CC9EEC004B77F2 /* SceneDelegate.swift */; };
		AECB773F28CC9EEC004B77F2 /* ViewController.swift in Sources */ = {isa = PBXBuildFile; fileRef = AECB773E28CC9EEC004B77F2 /* ViewController.swift */; };
		AECB774228CC9EEC004B77F2 /* Main.storyboard in Resources */ = {isa = PBXBuildFile; fileRef = AECB774028CC9EEC004B77F2 /* Main.storyboard */; };
		AECB774428CC9EEE004B77F2 /* Assets.xcassets in Resources */ = {isa = PBXBuildFile; fileRef = AECB774328CC9EEE004B77F2 /* Assets.xcassets */; };
		AECB774728CC9EEE004B77F2 /* LaunchScreen.storyboard in Resources */ = {isa = PBXBuildFile; fileRef = AECB774528CC9EEE004B77F2 /* LaunchScreen.storyboard */; };
		AECB775228CC9F3D004B77F2 /* OnBoardingPageViewController.swift in Sources */ = {isa = PBXBuildFile; fileRef = AECB775128CC9F3D004B77F2 /* OnBoardingPageViewController.swift */; };
		AECB775928CCA113004B77F2 /* ReusableProtocol.swift in Sources */ = {isa = PBXBuildFile; fileRef = AECB775828CCA113004B77F2 /* ReusableProtocol.swift */; };
		AECB775C28CCA139004B77F2 /* .gitignore in Resources */ = {isa = PBXBuildFile; fileRef = AECB775B28CCA139004B77F2 /* .gitignore */; };
		AECB775E28CCA27D004B77F2 /* Transition+Extension.swift in Sources */ = {isa = PBXBuildFile; fileRef = AECB775D28CCA27D004B77F2 /* Transition+Extension.swift */; };
		AECB776128CCA2AB004B77F2 /* Constant.swift in Sources */ = {isa = PBXBuildFile; fileRef = AECB776028CCA2AB004B77F2 /* Constant.swift */; };
		AECB776428CCA389004B77F2 /* APIKey.swift in Sources */ = {isa = PBXBuildFile; fileRef = AECB776328CCA389004B77F2 /* APIKey.swift */; };
		AECB776628CCA395004B77F2 /* APIManager.swift in Sources */ = {isa = PBXBuildFile; fileRef = AECB776528CCA395004B77F2 /* APIManager.swift */; };
		AECB776928CCBE74004B77F2 /* BaseView.swift in Sources */ = {isa = PBXBuildFile; fileRef = AECB776828CCBE74004B77F2 /* BaseView.swift */; };
		AECB776B28CCBE87004B77F2 /* BaseViewController.swift in Sources */ = {isa = PBXBuildFile; fileRef = AECB776A28CCBE87004B77F2 /* BaseViewController.swift */; };
		AECB776D28CCBE98004B77F2 /* BaseTableViewCell.swift in Sources */ = {isa = PBXBuildFile; fileRef = AECB776C28CCBE98004B77F2 /* BaseTableViewCell.swift */; };
		AECB776F28CCBEA8004B77F2 /* BaseCollectionViewCell.swift in Sources */ = {isa = PBXBuildFile; fileRef = AECB776E28CCBEA8004B77F2 /* BaseCollectionViewCell.swift */; };
		AECB777428CE2C43004B77F2 /* SnapKit in Frameworks */ = {isa = PBXBuildFile; productRef = AECB777328CE2C43004B77F2 /* SnapKit */; };
		AECB777728CE2C4D004B77F2 /* Then in Frameworks */ = {isa = PBXBuildFile; productRef = AECB777628CE2C4D004B77F2 /* Then */; };
		AECB777A28CE2C89004B77F2 /* Realm in Frameworks */ = {isa = PBXBuildFile; productRef = AECB777928CE2C89004B77F2 /* Realm */; };
		AECB777C28CE2C89004B77F2 /* RealmSwift in Frameworks */ = {isa = PBXBuildFile; productRef = AECB777B28CE2C89004B77F2 /* RealmSwift */; };
		AECB777F28CE2C9A004B77F2 /* FSCalendar in Frameworks */ = {isa = PBXBuildFile; productRef = AECB777E28CE2C9A004B77F2 /* FSCalendar */; };
		AECB778228CE2CAC004B77F2 /* Alamofire in Frameworks */ = {isa = PBXBuildFile; productRef = AECB778128CE2CAC004B77F2 /* Alamofire */; };
		AECB778528CE2CBC004B77F2 /* SwiftyJSON in Frameworks */ = {isa = PBXBuildFile; productRef = AECB778428CE2CBC004B77F2 /* SwiftyJSON */; };
		AECB778828CE2D5B004B77F2 /* JGProgressHUD in Frameworks */ = {isa = PBXBuildFile; productRef = AECB778728CE2D5B004B77F2 /* JGProgressHUD */; };
		AECB779028CE33C8004B77F2 /* OnBoardingItemViewController.swift in Sources */ = {isa = PBXBuildFile; fileRef = AECB778E28CE33C7004B77F2 /* OnBoardingItemViewController.swift */; };
		AECB779128CE33C8004B77F2 /* OnBoardingItemViewController.xib in Resources */ = {isa = PBXBuildFile; fileRef = AECB778F28CE33C8004B77F2 /* OnBoardingItemViewController.xib */; };
		AECB779428CE3AAA004B77F2 /* MainListViewController.swift in Sources */ = {isa = PBXBuildFile; fileRef = AECB779328CE3AAA004B77F2 /* MainListViewController.swift */; };
		AECB779628CE3B2A004B77F2 /* MainListView.swift in Sources */ = {isa = PBXBuildFile; fileRef = AECB779528CE3B2A004B77F2 /* MainListView.swift */; };
		AECB779828CE3B38004B77F2 /* MainListTableViewCell.swift in Sources */ = {isa = PBXBuildFile; fileRef = AECB779728CE3B38004B77F2 /* MainListTableViewCell.swift */; };
/* End PBXBuildFile section */

/* Begin PBXFileReference section */
		AECB773728CC9EEC004B77F2 /* One_Percent.app */ = {isa = PBXFileReference; explicitFileType = wrapper.application; includeInIndex = 0; path = One_Percent.app; sourceTree = BUILT_PRODUCTS_DIR; };
		AECB773A28CC9EEC004B77F2 /* AppDelegate.swift */ = {isa = PBXFileReference; lastKnownFileType = sourcecode.swift; path = AppDelegate.swift; sourceTree = "<group>"; };
		AECB773C28CC9EEC004B77F2 /* SceneDelegate.swift */ = {isa = PBXFileReference; lastKnownFileType = sourcecode.swift; path = SceneDelegate.swift; sourceTree = "<group>"; };
		AECB773E28CC9EEC004B77F2 /* ViewController.swift */ = {isa = PBXFileReference; lastKnownFileType = sourcecode.swift; path = ViewController.swift; sourceTree = "<group>"; };
		AECB774128CC9EEC004B77F2 /* Base */ = {isa = PBXFileReference; lastKnownFileType = file.storyboard; name = Base; path = Base.lproj/Main.storyboard; sourceTree = "<group>"; };
		AECB774328CC9EEE004B77F2 /* Assets.xcassets */ = {isa = PBXFileReference; lastKnownFileType = folder.assetcatalog; path = Assets.xcassets; sourceTree = "<group>"; };
		AECB774628CC9EEE004B77F2 /* Base */ = {isa = PBXFileReference; lastKnownFileType = file.storyboard; name = Base; path = Base.lproj/LaunchScreen.storyboard; sourceTree = "<group>"; };
		AECB774828CC9EEE004B77F2 /* Info.plist */ = {isa = PBXFileReference; lastKnownFileType = text.plist.xml; path = Info.plist; sourceTree = "<group>"; };
		AECB775128CC9F3D004B77F2 /* OnBoardingPageViewController.swift */ = {isa = PBXFileReference; lastKnownFileType = sourcecode.swift; path = OnBoardingPageViewController.swift; sourceTree = "<group>"; };
		AECB775828CCA113004B77F2 /* ReusableProtocol.swift */ = {isa = PBXFileReference; lastKnownFileType = sourcecode.swift; path = ReusableProtocol.swift; sourceTree = "<group>"; };
		AECB775B28CCA139004B77F2 /* .gitignore */ = {isa = PBXFileReference; lastKnownFileType = text; path = .gitignore; sourceTree = "<group>"; };
		AECB775D28CCA27D004B77F2 /* Transition+Extension.swift */ = {isa = PBXFileReference; lastKnownFileType = sourcecode.swift; path = "Transition+Extension.swift"; sourceTree = "<group>"; };
		AECB776028CCA2AB004B77F2 /* Constant.swift */ = {isa = PBXFileReference; lastKnownFileType = sourcecode.swift; path = Constant.swift; sourceTree = "<group>"; };
		AECB776328CCA389004B77F2 /* APIKey.swift */ = {isa = PBXFileReference; lastKnownFileType = sourcecode.swift; path = APIKey.swift; sourceTree = "<group>"; };
		AECB776528CCA395004B77F2 /* APIManager.swift */ = {isa = PBXFileReference; lastKnownFileType = sourcecode.swift; path = APIManager.swift; sourceTree = "<group>"; };
		AECB776828CCBE74004B77F2 /* BaseView.swift */ = {isa = PBXFileReference; lastKnownFileType = sourcecode.swift; path = BaseView.swift; sourceTree = "<group>"; };
		AECB776A28CCBE87004B77F2 /* BaseViewController.swift */ = {isa = PBXFileReference; lastKnownFileType = sourcecode.swift; path = BaseViewController.swift; sourceTree = "<group>"; };
		AECB776C28CCBE98004B77F2 /* BaseTableViewCell.swift */ = {isa = PBXFileReference; lastKnownFileType = sourcecode.swift; path = BaseTableViewCell.swift; sourceTree = "<group>"; };
		AECB776E28CCBEA8004B77F2 /* BaseCollectionViewCell.swift */ = {isa = PBXFileReference; lastKnownFileType = sourcecode.swift; path = BaseCollectionViewCell.swift; sourceTree = "<group>"; };
		AECB778E28CE33C7004B77F2 /* OnBoardingItemViewController.swift */ = {isa = PBXFileReference; lastKnownFileType = sourcecode.swift; path = OnBoardingItemViewController.swift; sourceTree = "<group>"; };
		AECB778F28CE33C8004B77F2 /* OnBoardingItemViewController.xib */ = {isa = PBXFileReference; lastKnownFileType = file.xib; path = OnBoardingItemViewController.xib; sourceTree = "<group>"; };
		AECB779328CE3AAA004B77F2 /* MainListViewController.swift */ = {isa = PBXFileReference; lastKnownFileType = sourcecode.swift; path = MainListViewController.swift; sourceTree = "<group>"; };
		AECB779528CE3B2A004B77F2 /* MainListView.swift */ = {isa = PBXFileReference; lastKnownFileType = sourcecode.swift; path = MainListView.swift; sourceTree = "<group>"; };
		AECB779728CE3B38004B77F2 /* MainListTableViewCell.swift */ = {isa = PBXFileReference; lastKnownFileType = sourcecode.swift; path = MainListTableViewCell.swift; sourceTree = "<group>"; };
/* End PBXFileReference section */

/* Begin PBXFrameworksBuildPhase section */
		AECB773428CC9EEC004B77F2 /* Frameworks */ = {
			isa = PBXFrameworksBuildPhase;
			buildActionMask = 2147483647;
			files = (
				AECB777C28CE2C89004B77F2 /* RealmSwift in Frameworks */,
				AECB778528CE2CBC004B77F2 /* SwiftyJSON in Frameworks */,
				AECB777A28CE2C89004B77F2 /* Realm in Frameworks */,
				AECB777428CE2C43004B77F2 /* SnapKit in Frameworks */,
				AECB778828CE2D5B004B77F2 /* JGProgressHUD in Frameworks */,
				AECB778228CE2CAC004B77F2 /* Alamofire in Frameworks */,
				AECB777F28CE2C9A004B77F2 /* FSCalendar in Frameworks */,
				AECB777728CE2C4D004B77F2 /* Then in Frameworks */,
			);
			runOnlyForDeploymentPostprocessing = 0;
		};
/* End PBXFrameworksBuildPhase section */

/* Begin PBXGroup section */
		AECB772E28CC9EEC004B77F2 = {
			isa = PBXGroup;
			children = (
				AECB775B28CCA139004B77F2 /* .gitignore */,
				AECB773928CC9EEC004B77F2 /* One_Percent */,
				AECB773828CC9EEC004B77F2 /* Products */,
			);
			sourceTree = "<group>";
		};
		AECB773828CC9EEC004B77F2 /* Products */ = {
			isa = PBXGroup;
			children = (
				AECB773728CC9EEC004B77F2 /* One_Percent.app */,
			);
			name = Products;
			sourceTree = "<group>";
		};
		AECB773928CC9EEC004B77F2 /* One_Percent */ = {
			isa = PBXGroup;
			children = (
				AECB776728CCA3BA004B77F2 /* BaseView */,
				AECB776228CCA37A004B77F2 /* NetworkAPI */,
				AECB775F28CCA29A004B77F2 /* Utility */,
				AECB775A28CCA125004B77F2 /* Extension */,
				AECB775728CCA0FF004B77F2 /* Protocol */,
				AECB774E28CC9F09004B77F2 /* OnBoarding */,
				AECB773A28CC9EEC004B77F2 /* AppDelegate.swift */,
				AECB779228CE3A7D004B77F2 /* MainListViewController */,
				AECB773C28CC9EEC004B77F2 /* SceneDelegate.swift */,
				AECB773E28CC9EEC004B77F2 /* ViewController.swift */,
				AECB774028CC9EEC004B77F2 /* Main.storyboard */,
				AECB774328CC9EEE004B77F2 /* Assets.xcassets */,
				AECB774528CC9EEE004B77F2 /* LaunchScreen.storyboard */,
				AECB774828CC9EEE004B77F2 /* Info.plist */,
			);
			path = One_Percent;
			sourceTree = "<group>";
		};
		AECB774E28CC9F09004B77F2 /* OnBoarding */ = {
			isa = PBXGroup;
			children = (
				AECB775128CC9F3D004B77F2 /* OnBoardingPageViewController.swift */,
				AECB778E28CE33C7004B77F2 /* OnBoardingItemViewController.swift */,
				AECB778F28CE33C8004B77F2 /* OnBoardingItemViewController.xib */,
			);
			path = OnBoarding;
			sourceTree = "<group>";
		};
		AECB775728CCA0FF004B77F2 /* Protocol */ = {
			isa = PBXGroup;
			children = (
				AECB775828CCA113004B77F2 /* ReusableProtocol.swift */,
			);
			path = Protocol;
			sourceTree = "<group>";
		};
		AECB775A28CCA125004B77F2 /* Extension */ = {
			isa = PBXGroup;
			children = (
				AECB775D28CCA27D004B77F2 /* Transition+Extension.swift */,
			);
			path = Extension;
			sourceTree = "<group>";
		};
		AECB775F28CCA29A004B77F2 /* Utility */ = {
			isa = PBXGroup;
			children = (
				AECB776028CCA2AB004B77F2 /* Constant.swift */,
			);
			path = Utility;
			sourceTree = "<group>";
		};
		AECB776228CCA37A004B77F2 /* NetworkAPI */ = {
			isa = PBXGroup;
			children = (
				AECB776328CCA389004B77F2 /* APIKey.swift */,
				AECB776528CCA395004B77F2 /* APIManager.swift */,
			);
			path = NetworkAPI;
			sourceTree = "<group>";
		};
		AECB776728CCA3BA004B77F2 /* BaseView */ = {
			isa = PBXGroup;
			children = (
				AECB776828CCBE74004B77F2 /* BaseView.swift */,
				AECB776A28CCBE87004B77F2 /* BaseViewController.swift */,
				AECB776C28CCBE98004B77F2 /* BaseTableViewCell.swift */,
				AECB776E28CCBEA8004B77F2 /* BaseCollectionViewCell.swift */,
			);
			path = BaseView;
			sourceTree = "<group>";
		};
		AECB779228CE3A7D004B77F2 /* MainListViewController */ = {
			isa = PBXGroup;
			children = (
				AECB779328CE3AAA004B77F2 /* MainListViewController.swift */,
				AECB779528CE3B2A004B77F2 /* MainListView.swift */,
				AECB779728CE3B38004B77F2 /* MainListTableViewCell.swift */,
			);
			path = MainListViewController;
			sourceTree = "<group>";
		};
/* End PBXGroup section */

/* Begin PBXNativeTarget section */
		AECB773628CC9EEC004B77F2 /* One_Percent */ = {
			isa = PBXNativeTarget;
			buildConfigurationList = AECB774B28CC9EEE004B77F2 /* Build configuration list for PBXNativeTarget "One_Percent" */;
			buildPhases = (
				AECB773328CC9EEC004B77F2 /* Sources */,
				AECB773428CC9EEC004B77F2 /* Frameworks */,
				AECB773528CC9EEC004B77F2 /* Resources */,
			);
			buildRules = (
			);
			dependencies = (
			);
			name = One_Percent;
			packageProductDependencies = (
				AECB777328CE2C43004B77F2 /* SnapKit */,
				AECB777628CE2C4D004B77F2 /* Then */,
				AECB777928CE2C89004B77F2 /* Realm */,
				AECB777B28CE2C89004B77F2 /* RealmSwift */,
				AECB777E28CE2C9A004B77F2 /* FSCalendar */,
				AECB778128CE2CAC004B77F2 /* Alamofire */,
				AECB778428CE2CBC004B77F2 /* SwiftyJSON */,
				AECB778728CE2D5B004B77F2 /* JGProgressHUD */,
			);
			productName = One_Percent;
			productReference = AECB773728CC9EEC004B77F2 /* One_Percent.app */;
			productType = "com.apple.product-type.application";
		};
/* End PBXNativeTarget section */

/* Begin PBXProject section */
		AECB772F28CC9EEC004B77F2 /* Project object */ = {
			isa = PBXProject;
			attributes = {
				BuildIndependentTargetsInParallel = 1;
				LastSwiftUpdateCheck = 1340;
				LastUpgradeCheck = 1340;
				TargetAttributes = {
					AECB773628CC9EEC004B77F2 = {
						CreatedOnToolsVersion = 13.4.1;
					};
				};
			};
			buildConfigurationList = AECB773228CC9EEC004B77F2 /* Build configuration list for PBXProject "One_Percent" */;
			compatibilityVersion = "Xcode 13.0";
			developmentRegion = en;
			hasScannedForEncodings = 0;
			knownRegions = (
				en,
				Base,
			);
			mainGroup = AECB772E28CC9EEC004B77F2;
			packageReferences = (
				AECB777228CE2C43004B77F2 /* XCRemoteSwiftPackageReference "SnapKit" */,
				AECB777528CE2C4D004B77F2 /* XCRemoteSwiftPackageReference "Then" */,
				AECB777828CE2C89004B77F2 /* XCRemoteSwiftPackageReference "realm-swift" */,
				AECB777D28CE2C9A004B77F2 /* XCRemoteSwiftPackageReference "FSCalendar" */,
				AECB778028CE2CAC004B77F2 /* XCRemoteSwiftPackageReference "Alamofire" */,
				AECB778328CE2CBC004B77F2 /* XCRemoteSwiftPackageReference "SwiftyJSON" */,
				AECB778628CE2D5A004B77F2 /* XCRemoteSwiftPackageReference "JGProgressHUD" */,
			);
			productRefGroup = AECB773828CC9EEC004B77F2 /* Products */;
			projectDirPath = "";
			projectRoot = "";
			targets = (
				AECB773628CC9EEC004B77F2 /* One_Percent */,
			);
		};
/* End PBXProject section */

/* Begin PBXResourcesBuildPhase section */
		AECB773528CC9EEC004B77F2 /* Resources */ = {
			isa = PBXResourcesBuildPhase;
			buildActionMask = 2147483647;
			files = (
				AECB775C28CCA139004B77F2 /* .gitignore in Resources */,
				AECB779128CE33C8004B77F2 /* OnBoardingItemViewController.xib in Resources */,
				AECB774728CC9EEE004B77F2 /* LaunchScreen.storyboard in Resources */,
				AECB774428CC9EEE004B77F2 /* Assets.xcassets in Resources */,
				AECB774228CC9EEC004B77F2 /* Main.storyboard in Resources */,
			);
			runOnlyForDeploymentPostprocessing = 0;
		};
/* End PBXResourcesBuildPhase section */

/* Begin PBXSourcesBuildPhase section */
		AECB773328CC9EEC004B77F2 /* Sources */ = {
			isa = PBXSourcesBuildPhase;
			buildActionMask = 2147483647;
			files = (
				AECB779828CE3B38004B77F2 /* MainListTableViewCell.swift in Sources */,
				AECB775228CC9F3D004B77F2 /* OnBoardingPageViewController.swift in Sources */,
				AECB776F28CCBEA8004B77F2 /* BaseCollectionViewCell.swift in Sources */,
				AECB775E28CCA27D004B77F2 /* Transition+Extension.swift in Sources */,
				AECB779428CE3AAA004B77F2 /* MainListViewController.swift in Sources */,
				AECB776628CCA395004B77F2 /* APIManager.swift in Sources */,
				AECB773F28CC9EEC004B77F2 /* ViewController.swift in Sources */,
				AECB776128CCA2AB004B77F2 /* Constant.swift in Sources */,
				AECB776B28CCBE87004B77F2 /* BaseViewController.swift in Sources */,
				AECB775928CCA113004B77F2 /* ReusableProtocol.swift in Sources */,
				AECB779628CE3B2A004B77F2 /* MainListView.swift in Sources */,
				AECB779028CE33C8004B77F2 /* OnBoardingItemViewController.swift in Sources */,
				AECB773B28CC9EEC004B77F2 /* AppDelegate.swift in Sources */,
				AECB776428CCA389004B77F2 /* APIKey.swift in Sources */,
				AECB776928CCBE74004B77F2 /* BaseView.swift in Sources */,
				AECB776D28CCBE98004B77F2 /* BaseTableViewCell.swift in Sources */,
				AECB773D28CC9EEC004B77F2 /* SceneDelegate.swift in Sources */,
			);
			runOnlyForDeploymentPostprocessing = 0;
		};
/* End PBXSourcesBuildPhase section */

/* Begin PBXVariantGroup section */
		AECB774028CC9EEC004B77F2 /* Main.storyboard */ = {
			isa = PBXVariantGroup;
			children = (
				AECB774128CC9EEC004B77F2 /* Base */,
			);
			name = Main.storyboard;
			sourceTree = "<group>";
		};
		AECB774528CC9EEE004B77F2 /* LaunchScreen.storyboard */ = {
			isa = PBXVariantGroup;
			children = (
				AECB774628CC9EEE004B77F2 /* Base */,
			);
			name = LaunchScreen.storyboard;
			sourceTree = "<group>";
		};
/* End PBXVariantGroup section */

/* Begin XCBuildConfiguration section */
		AECB774928CC9EEE004B77F2 /* Debug */ = {
			isa = XCBuildConfiguration;
			buildSettings = {
				ALWAYS_SEARCH_USER_PATHS = NO;
				CLANG_ANALYZER_NONNULL = YES;
				CLANG_ANALYZER_NUMBER_OBJECT_CONVERSION = YES_AGGRESSIVE;
				CLANG_CXX_LANGUAGE_STANDARD = "gnu++17";
				CLANG_ENABLE_MODULES = YES;
				CLANG_ENABLE_OBJC_ARC = YES;
				CLANG_ENABLE_OBJC_WEAK = YES;
				CLANG_WARN_BLOCK_CAPTURE_AUTORELEASING = YES;
				CLANG_WARN_BOOL_CONVERSION = YES;
				CLANG_WARN_COMMA = YES;
				CLANG_WARN_CONSTANT_CONVERSION = YES;
				CLANG_WARN_DEPRECATED_OBJC_IMPLEMENTATIONS = YES;
				CLANG_WARN_DIRECT_OBJC_ISA_USAGE = YES_ERROR;
				CLANG_WARN_DOCUMENTATION_COMMENTS = YES;
				CLANG_WARN_EMPTY_BODY = YES;
				CLANG_WARN_ENUM_CONVERSION = YES;
				CLANG_WARN_INFINITE_RECURSION = YES;
				CLANG_WARN_INT_CONVERSION = YES;
				CLANG_WARN_NON_LITERAL_NULL_CONVERSION = YES;
				CLANG_WARN_OBJC_IMPLICIT_RETAIN_SELF = YES;
				CLANG_WARN_OBJC_LITERAL_CONVERSION = YES;
				CLANG_WARN_OBJC_ROOT_CLASS = YES_ERROR;
				CLANG_WARN_QUOTED_INCLUDE_IN_FRAMEWORK_HEADER = YES;
				CLANG_WARN_RANGE_LOOP_ANALYSIS = YES;
				CLANG_WARN_STRICT_PROTOTYPES = YES;
				CLANG_WARN_SUSPICIOUS_MOVE = YES;
				CLANG_WARN_UNGUARDED_AVAILABILITY = YES_AGGRESSIVE;
				CLANG_WARN_UNREACHABLE_CODE = YES;
				CLANG_WARN__DUPLICATE_METHOD_MATCH = YES;
				COPY_PHASE_STRIP = NO;
				DEBUG_INFORMATION_FORMAT = dwarf;
				ENABLE_STRICT_OBJC_MSGSEND = YES;
				ENABLE_TESTABILITY = YES;
				GCC_C_LANGUAGE_STANDARD = gnu11;
				GCC_DYNAMIC_NO_PIC = NO;
				GCC_NO_COMMON_BLOCKS = YES;
				GCC_OPTIMIZATION_LEVEL = 0;
				GCC_PREPROCESSOR_DEFINITIONS = (
					"DEBUG=1",
					"$(inherited)",
				);
				GCC_WARN_64_TO_32_BIT_CONVERSION = YES;
				GCC_WARN_ABOUT_RETURN_TYPE = YES_ERROR;
				GCC_WARN_UNDECLARED_SELECTOR = YES;
				GCC_WARN_UNINITIALIZED_AUTOS = YES_AGGRESSIVE;
				GCC_WARN_UNUSED_FUNCTION = YES;
				GCC_WARN_UNUSED_VARIABLE = YES;
				IPHONEOS_DEPLOYMENT_TARGET = 15.0;
				MTL_ENABLE_DEBUG_INFO = INCLUDE_SOURCE;
				MTL_FAST_MATH = YES;
				ONLY_ACTIVE_ARCH = YES;
				SDKROOT = iphoneos;
				SWIFT_ACTIVE_COMPILATION_CONDITIONS = DEBUG;
				SWIFT_OPTIMIZATION_LEVEL = "-Onone";
			};
			name = Debug;
		};
		AECB774A28CC9EEE004B77F2 /* Release */ = {
			isa = XCBuildConfiguration;
			buildSettings = {
				ALWAYS_SEARCH_USER_PATHS = NO;
				CLANG_ANALYZER_NONNULL = YES;
				CLANG_ANALYZER_NUMBER_OBJECT_CONVERSION = YES_AGGRESSIVE;
				CLANG_CXX_LANGUAGE_STANDARD = "gnu++17";
				CLANG_ENABLE_MODULES = YES;
				CLANG_ENABLE_OBJC_ARC = YES;
				CLANG_ENABLE_OBJC_WEAK = YES;
				CLANG_WARN_BLOCK_CAPTURE_AUTORELEASING = YES;
				CLANG_WARN_BOOL_CONVERSION = YES;
				CLANG_WARN_COMMA = YES;
				CLANG_WARN_CONSTANT_CONVERSION = YES;
				CLANG_WARN_DEPRECATED_OBJC_IMPLEMENTATIONS = YES;
				CLANG_WARN_DIRECT_OBJC_ISA_USAGE = YES_ERROR;
				CLANG_WARN_DOCUMENTATION_COMMENTS = YES;
				CLANG_WARN_EMPTY_BODY = YES;
				CLANG_WARN_ENUM_CONVERSION = YES;
				CLANG_WARN_INFINITE_RECURSION = YES;
				CLANG_WARN_INT_CONVERSION = YES;
				CLANG_WARN_NON_LITERAL_NULL_CONVERSION = YES;
				CLANG_WARN_OBJC_IMPLICIT_RETAIN_SELF = YES;
				CLANG_WARN_OBJC_LITERAL_CONVERSION = YES;
				CLANG_WARN_OBJC_ROOT_CLASS = YES_ERROR;
				CLANG_WARN_QUOTED_INCLUDE_IN_FRAMEWORK_HEADER = YES;
				CLANG_WARN_RANGE_LOOP_ANALYSIS = YES;
				CLANG_WARN_STRICT_PROTOTYPES = YES;
				CLANG_WARN_SUSPICIOUS_MOVE = YES;
				CLANG_WARN_UNGUARDED_AVAILABILITY = YES_AGGRESSIVE;
				CLANG_WARN_UNREACHABLE_CODE = YES;
				CLANG_WARN__DUPLICATE_METHOD_MATCH = YES;
				COPY_PHASE_STRIP = NO;
				DEBUG_INFORMATION_FORMAT = "dwarf-with-dsym";
				ENABLE_NS_ASSERTIONS = NO;
				ENABLE_STRICT_OBJC_MSGSEND = YES;
				GCC_C_LANGUAGE_STANDARD = gnu11;
				GCC_NO_COMMON_BLOCKS = YES;
				GCC_WARN_64_TO_32_BIT_CONVERSION = YES;
				GCC_WARN_ABOUT_RETURN_TYPE = YES_ERROR;
				GCC_WARN_UNDECLARED_SELECTOR = YES;
				GCC_WARN_UNINITIALIZED_AUTOS = YES_AGGRESSIVE;
				GCC_WARN_UNUSED_FUNCTION = YES;
				GCC_WARN_UNUSED_VARIABLE = YES;
				IPHONEOS_DEPLOYMENT_TARGET = 15.0;
				MTL_ENABLE_DEBUG_INFO = NO;
				MTL_FAST_MATH = YES;
				SDKROOT = iphoneos;
				SWIFT_COMPILATION_MODE = wholemodule;
				SWIFT_OPTIMIZATION_LEVEL = "-O";
				VALIDATE_PRODUCT = YES;
			};
			name = Release;
		};
		AECB774C28CC9EEE004B77F2 /* Debug */ = {
			isa = XCBuildConfiguration;
			buildSettings = {
				ASSETCATALOG_COMPILER_APPICON_NAME = AppIcon;
				ASSETCATALOG_COMPILER_GLOBAL_ACCENT_COLOR_NAME = AccentColor;
				CODE_SIGN_STYLE = Automatic;
				CURRENT_PROJECT_VERSION = 1;
				DEVELOPMENT_TEAM = B2VD6SF7B9;
				GENERATE_INFOPLIST_FILE = YES;
				INFOPLIST_FILE = One_Percent/Info.plist;
				INFOPLIST_KEY_UIApplicationSupportsIndirectInputEvents = YES;
				INFOPLIST_KEY_UILaunchStoryboardName = LaunchScreen;
				INFOPLIST_KEY_UIMainStoryboardFile = Main;
				INFOPLIST_KEY_UISupportedInterfaceOrientations_iPad = "UIInterfaceOrientationPortrait UIInterfaceOrientationPortraitUpsideDown UIInterfaceOrientationLandscapeLeft UIInterfaceOrientationLandscapeRight";
				INFOPLIST_KEY_UISupportedInterfaceOrientations_iPhone = "UIInterfaceOrientationPortrait UIInterfaceOrientationLandscapeLeft UIInterfaceOrientationLandscapeRight";
				IPHONEOS_DEPLOYMENT_TARGET = 15.0;
				LD_RUNPATH_SEARCH_PATHS = (
					"$(inherited)",
					"@executable_path/Frameworks",
				);
				MARKETING_VERSION = 1.0;
				PRODUCT_BUNDLE_IDENTIFIER = "yeojin.SeSAC.One-Percent";
				PRODUCT_NAME = "$(TARGET_NAME)";
				SWIFT_EMIT_LOC_STRINGS = YES;
				SWIFT_VERSION = 5.0;
				TARGETED_DEVICE_FAMILY = 1;
			};
			name = Debug;
		};
		AECB774D28CC9EEE004B77F2 /* Release */ = {
			isa = XCBuildConfiguration;
			buildSettings = {
				ASSETCATALOG_COMPILER_APPICON_NAME = AppIcon;
				ASSETCATALOG_COMPILER_GLOBAL_ACCENT_COLOR_NAME = AccentColor;
				CODE_SIGN_STYLE = Automatic;
				CURRENT_PROJECT_VERSION = 1;
				DEVELOPMENT_TEAM = B2VD6SF7B9;
				GENERATE_INFOPLIST_FILE = YES;
				INFOPLIST_FILE = One_Percent/Info.plist;
				INFOPLIST_KEY_UIApplicationSupportsIndirectInputEvents = YES;
				INFOPLIST_KEY_UILaunchStoryboardName = LaunchScreen;
				INFOPLIST_KEY_UIMainStoryboardFile = Main;
				INFOPLIST_KEY_UISupportedInterfaceOrientations_iPad = "UIInterfaceOrientationPortrait UIInterfaceOrientationPortraitUpsideDown UIInterfaceOrientationLandscapeLeft UIInterfaceOrientationLandscapeRight";
				INFOPLIST_KEY_UISupportedInterfaceOrientations_iPhone = "UIInterfaceOrientationPortrait UIInterfaceOrientationLandscapeLeft UIInterfaceOrientationLandscapeRight";
				IPHONEOS_DEPLOYMENT_TARGET = 15.0;
				LD_RUNPATH_SEARCH_PATHS = (
					"$(inherited)",
					"@executable_path/Frameworks",
				);
				MARKETING_VERSION = 1.0;
				PRODUCT_BUNDLE_IDENTIFIER = "yeojin.SeSAC.One-Percent";
				PRODUCT_NAME = "$(TARGET_NAME)";
				SWIFT_EMIT_LOC_STRINGS = YES;
				SWIFT_VERSION = 5.0;
				TARGETED_DEVICE_FAMILY = 1;
			};
			name = Release;
		};
/* End XCBuildConfiguration section */

/* Begin XCConfigurationList section */
		AECB773228CC9EEC004B77F2 /* Build configuration list for PBXProject "One_Percent" */ = {
			isa = XCConfigurationList;
			buildConfigurations = (
				AECB774928CC9EEE004B77F2 /* Debug */,
				AECB774A28CC9EEE004B77F2 /* Release */,
			);
			defaultConfigurationIsVisible = 0;
			defaultConfigurationName = Release;
		};
		AECB774B28CC9EEE004B77F2 /* Build configuration list for PBXNativeTarget "One_Percent" */ = {
			isa = XCConfigurationList;
			buildConfigurations = (
				AECB774C28CC9EEE004B77F2 /* Debug */,
				AECB774D28CC9EEE004B77F2 /* Release */,
			);
			defaultConfigurationIsVisible = 0;
			defaultConfigurationName = Release;
		};
/* End XCConfigurationList section */

/* Begin XCRemoteSwiftPackageReference section */
		AECB777228CE2C43004B77F2 /* XCRemoteSwiftPackageReference "SnapKit" */ = {
			isa = XCRemoteSwiftPackageReference;
			repositoryURL = "https://github.com/SnapKit/SnapKit.git";
			requirement = {
				kind = upToNextMajorVersion;
				minimumVersion = 5.0.0;
			};
		};
		AECB777528CE2C4D004B77F2 /* XCRemoteSwiftPackageReference "Then" */ = {
			isa = XCRemoteSwiftPackageReference;
			repositoryURL = "https://github.com/devxoul/Then.git";
			requirement = {
				kind = upToNextMajorVersion;
				minimumVersion = 3.0.0;
			};
		};
		AECB777828CE2C89004B77F2 /* XCRemoteSwiftPackageReference "realm-swift" */ = {
			isa = XCRemoteSwiftPackageReference;
			repositoryURL = "https://github.com/realm/realm-swift.git";
			requirement = {
				branch = master;
				kind = branch;
			};
		};
		AECB777D28CE2C9A004B77F2 /* XCRemoteSwiftPackageReference "FSCalendar" */ = {
			isa = XCRemoteSwiftPackageReference;
			repositoryURL = "https://github.com/WenchaoD/FSCalendar.git";
			requirement = {
				kind = upToNextMajorVersion;
				minimumVersion = 2.0.0;
			};
		};
		AECB778028CE2CAC004B77F2 /* XCRemoteSwiftPackageReference "Alamofire" */ = {
			isa = XCRemoteSwiftPackageReference;
			repositoryURL = "https://github.com/Alamofire/Alamofire.git";
			requirement = {
				kind = upToNextMajorVersion;
				minimumVersion = 5.0.0;
			};
		};
		AECB778328CE2CBC004B77F2 /* XCRemoteSwiftPackageReference "SwiftyJSON" */ = {
			isa = XCRemoteSwiftPackageReference;
			repositoryURL = "https://github.com/SwiftyJSON/SwiftyJSON.git";
			requirement = {
				kind = upToNextMajorVersion;
				minimumVersion = 5.0.0;
			};
		};
		AECB778628CE2D5A004B77F2 /* XCRemoteSwiftPackageReference "JGProgressHUD" */ = {
			isa = XCRemoteSwiftPackageReference;
			repositoryURL = "https://github.com/JonasGessner/JGProgressHUD.git";
			requirement = {
				kind = upToNextMajorVersion;
				minimumVersion = 2.0.0;
			};
		};
/* End XCRemoteSwiftPackageReference section */

/* Begin XCSwiftPackageProductDependency section */
		AECB777328CE2C43004B77F2 /* SnapKit */ = {
			isa = XCSwiftPackageProductDependency;
			package = AECB777228CE2C43004B77F2 /* XCRemoteSwiftPackageReference "SnapKit" */;
			productName = SnapKit;
		};
		AECB777628CE2C4D004B77F2 /* Then */ = {
			isa = XCSwiftPackageProductDependency;
			package = AECB777528CE2C4D004B77F2 /* XCRemoteSwiftPackageReference "Then" */;
			productName = Then;
		};
		AECB777928CE2C89004B77F2 /* Realm */ = {
			isa = XCSwiftPackageProductDependency;
			package = AECB777828CE2C89004B77F2 /* XCRemoteSwiftPackageReference "realm-swift" */;
			productName = Realm;
		};
		AECB777B28CE2C89004B77F2 /* RealmSwift */ = {
			isa = XCSwiftPackageProductDependency;
			package = AECB777828CE2C89004B77F2 /* XCRemoteSwiftPackageReference "realm-swift" */;
			productName = RealmSwift;
		};
		AECB777E28CE2C9A004B77F2 /* FSCalendar */ = {
			isa = XCSwiftPackageProductDependency;
			package = AECB777D28CE2C9A004B77F2 /* XCRemoteSwiftPackageReference "FSCalendar" */;
			productName = FSCalendar;
		};
		AECB778128CE2CAC004B77F2 /* Alamofire */ = {
			isa = XCSwiftPackageProductDependency;
			package = AECB778028CE2CAC004B77F2 /* XCRemoteSwiftPackageReference "Alamofire" */;
			productName = Alamofire;
		};
		AECB778428CE2CBC004B77F2 /* SwiftyJSON */ = {
			isa = XCSwiftPackageProductDependency;
			package = AECB778328CE2CBC004B77F2 /* XCRemoteSwiftPackageReference "SwiftyJSON" */;
			productName = SwiftyJSON;
		};
		AECB778728CE2D5B004B77F2 /* JGProgressHUD */ = {
			isa = XCSwiftPackageProductDependency;
			package = AECB778628CE2D5A004B77F2 /* XCRemoteSwiftPackageReference "JGProgressHUD" */;
			productName = JGProgressHUD;
		};
/* End XCSwiftPackageProductDependency section */
	};
	rootObject = AECB772F28CC9EEC004B77F2 /* Project object */;
}
