// !$*UTF8*$!
{
	archiveVersion = 1;
	classes = {
	};
	objectVersion = 55;
	objects = {

/* Begin PBXBuildFile section */
		AE5A2ED328E1AC520026E400 /* StockNameModel.swift in Sources */ = {isa = PBXBuildFile; fileRef = AE5A2ED228E1AC520026E400 /* StockNameModel.swift */; };
		AE77881528D766AD00014C74 /* ChartModel.swift in Sources */ = {isa = PBXBuildFile; fileRef = AE77881428D766AD00014C74 /* ChartModel.swift */; };
		AE77881728D76BBF00014C74 /* CandleModel.swift in Sources */ = {isa = PBXBuildFile; fileRef = AE77881628D76BBF00014C74 /* CandleModel.swift */; };
		AE77881A28D8B21400014C74 /* BuyandSellViewController.swift in Sources */ = {isa = PBXBuildFile; fileRef = AE77881928D8B21400014C74 /* BuyandSellViewController.swift */; };
		AE77881C28D8B21F00014C74 /* BuyandSellView.swift in Sources */ = {isa = PBXBuildFile; fileRef = AE77881B28D8B21F00014C74 /* BuyandSellView.swift */; };
		AE77882428DA08A600014C74 /* ChosunKm.TTF in Resources */ = {isa = PBXBuildFile; fileRef = AE77882328DA08A600014C74 /* ChosunKm.TTF */; };
		AE77882628DA08AF00014C74 /* ChosunSm.TTF in Resources */ = {isa = PBXBuildFile; fileRef = AE77882528DA08AF00014C74 /* ChosunSm.TTF */; };
		AE77882828DA137100014C74 /* AddressModel.swift in Sources */ = {isa = PBXBuildFile; fileRef = AE77882728DA137100014C74 /* AddressModel.swift */; };
		AE77882B28DA268F00014C74 /* Kingfisher in Frameworks */ = {isa = PBXBuildFile; productRef = AE77882A28DA268F00014C74 /* Kingfisher */; };
		AE77883828DB3F0500014C74 /* VITRO CORE TTF.ttf in Resources */ = {isa = PBXBuildFile; fileRef = AE77883628DB3F0500014C74 /* VITRO CORE TTF.ttf */; };
		AE77883928DB3F0500014C74 /* VITRO PRIDE TTF.ttf in Resources */ = {isa = PBXBuildFile; fileRef = AE77883728DB3F0500014C74 /* VITRO PRIDE TTF.ttf */; };
		AE77883C28DB625C00014C74 /* StockModel.swift in Sources */ = {isa = PBXBuildFile; fileRef = AE77883B28DB625C00014C74 /* StockModel.swift */; };
		AE77883E28DB626700014C74 /* StockRepository.swift in Sources */ = {isa = PBXBuildFile; fileRef = AE77883D28DB626700014C74 /* StockRepository.swift */; };
		AE77884128DCA14600014C74 /* SettingViewController.swift in Sources */ = {isa = PBXBuildFile; fileRef = AE77884028DCA14600014C74 /* SettingViewController.swift */; };
		AE77884328DCA15500014C74 /* SettingTableViewCell.swift in Sources */ = {isa = PBXBuildFile; fileRef = AE77884228DCA15500014C74 /* SettingTableViewCell.swift */; };
		AE77884828DD867F00014C74 /* StockDetailViewController.swift in Sources */ = {isa = PBXBuildFile; fileRef = AE77884728DD867F00014C74 /* StockDetailViewController.swift */; };
		AE77884A28DD868B00014C74 /* StockTableViewCell.swift in Sources */ = {isa = PBXBuildFile; fileRef = AE77884928DD868B00014C74 /* StockTableViewCell.swift */; };
		AE82C66328E3F798002CB358 /* Tabman in Frameworks */ = {isa = PBXBuildFile; productRef = AE82C66228E3F798002CB358 /* Tabman */; };
		AE82C66528E440A2002CB358 /* GlobalNewsViewController.swift in Sources */ = {isa = PBXBuildFile; fileRef = AE82C66428E440A2002CB358 /* GlobalNewsViewController.swift */; };
		AE82C66728E440C5002CB358 /* DomesticNewsViewController.swift in Sources */ = {isa = PBXBuildFile; fileRef = AE82C66628E440C5002CB358 /* DomesticNewsViewController.swift */; };
		AE82C66A28E468C5002CB358 /* OpenSourceLicense.swift in Sources */ = {isa = PBXBuildFile; fileRef = AE82C66928E468C5002CB358 /* OpenSourceLicense.swift */; };
		AE82C66C28E46A37002CB358 /* OpenSourceLicenseTableViewCell.swift in Sources */ = {isa = PBXBuildFile; fileRef = AE82C66B28E46A37002CB358 /* OpenSourceLicenseTableViewCell.swift */; };
		AE82C66E28E46CBD002CB358 /* OpenSourceModel.swift in Sources */ = {isa = PBXBuildFile; fileRef = AE82C66D28E46CBD002CB358 /* OpenSourceModel.swift */; };
		AE84D29828F5ADCE0063283A /* GoogleService-Info.plist in Resources */ = {isa = PBXBuildFile; fileRef = AE84D29728F5ADCE0063283A /* GoogleService-Info.plist */; };
		AE84D29B28F5AE320063283A /* FirebaseAnalyticsWithoutAdIdSupport in Frameworks */ = {isa = PBXBuildFile; productRef = AE84D29A28F5AE320063283A /* FirebaseAnalyticsWithoutAdIdSupport */; };
		AE84D29D28F5AE320063283A /* FirebaseCrashlytics in Frameworks */ = {isa = PBXBuildFile; productRef = AE84D29C28F5AE320063283A /* FirebaseCrashlytics */; };
		AE84D29F28F5AE320063283A /* FirebaseMessaging in Frameworks */ = {isa = PBXBuildFile; productRef = AE84D29E28F5AE320063283A /* FirebaseMessaging */; };
		AE84D2AD28FBE0110063283A /* LabelView.swift in Sources */ = {isa = PBXBuildFile; fileRef = AE84D2AC28FBE0110063283A /* LabelView.swift */; };
		AE84D2AF28FBE5C90063283A /* ButtonView.swift in Sources */ = {isa = PBXBuildFile; fileRef = AE84D2AE28FBE5C90063283A /* ButtonView.swift */; };
		AE84D2B128FBE8380063283A /* TextFieldView.swift in Sources */ = {isa = PBXBuildFile; fileRef = AE84D2B028FBE8380063283A /* TextFieldView.swift */; };
		AEB4B60428E1B6500004CE79 /* SearchViewController.swift in Sources */ = {isa = PBXBuildFile; fileRef = AEB4B60328E1B6500004CE79 /* SearchViewController.swift */; };
		AEB4B60628E1B65C0004CE79 /* SearchTableViewCell.swift in Sources */ = {isa = PBXBuildFile; fileRef = AEB4B60528E1B65C0004CE79 /* SearchTableViewCell.swift */; };
		AEC26DB228F3242B00D7900B /* RealmSwift in Frameworks */ = {isa = PBXBuildFile; productRef = AEC26DB128F3242B00D7900B /* RealmSwift */; };
		AEC6BC8A2948276500EA7D00 /* CheckNetworkConnection.swift in Sources */ = {isa = PBXBuildFile; fileRef = AEC6BC892948276500EA7D00 /* CheckNetworkConnection.swift */; };
		AECB773B28CC9EEC004B77F2 /* AppDelegate.swift in Sources */ = {isa = PBXBuildFile; fileRef = AECB773A28CC9EEC004B77F2 /* AppDelegate.swift */; };
		AECB773D28CC9EEC004B77F2 /* SceneDelegate.swift in Sources */ = {isa = PBXBuildFile; fileRef = AECB773C28CC9EEC004B77F2 /* SceneDelegate.swift */; };
		AECB773F28CC9EEC004B77F2 /* ViewController.swift in Sources */ = {isa = PBXBuildFile; fileRef = AECB773E28CC9EEC004B77F2 /* ViewController.swift */; };
		AECB774428CC9EEE004B77F2 /* Assets.xcassets in Resources */ = {isa = PBXBuildFile; fileRef = AECB774328CC9EEE004B77F2 /* Assets.xcassets */; };
		AECB774728CC9EEE004B77F2 /* LaunchScreen.storyboard in Resources */ = {isa = PBXBuildFile; fileRef = AECB774528CC9EEE004B77F2 /* LaunchScreen.storyboard */; };
		AECB775228CC9F3D004B77F2 /* OnBoardingPageViewController.swift in Sources */ = {isa = PBXBuildFile; fileRef = AECB775128CC9F3D004B77F2 /* OnBoardingPageViewController.swift */; };
		AECB775928CCA113004B77F2 /* ReusableProtocol.swift in Sources */ = {isa = PBXBuildFile; fileRef = AECB775828CCA113004B77F2 /* ReusableProtocol.swift */; };
		AECB775C28CCA139004B77F2 /* .gitignore in Resources */ = {isa = PBXBuildFile; fileRef = AECB775B28CCA139004B77F2 /* .gitignore */; };
		AECB775E28CCA27D004B77F2 /* Transition+Extension.swift in Sources */ = {isa = PBXBuildFile; fileRef = AECB775D28CCA27D004B77F2 /* Transition+Extension.swift */; };
		AECB776128CCA2AB004B77F2 /* Constant.swift in Sources */ = {isa = PBXBuildFile; fileRef = AECB776028CCA2AB004B77F2 /* Constant.swift */; };
		AECB776428CCA389004B77F2 /* APIKey.swift in Sources */ = {isa = PBXBuildFile; fileRef = AECB776328CCA389004B77F2 /* APIKey.swift */; };
		AECB776628CCA395004B77F2 /* APIManager.swift in Sources */ = {isa = PBXBuildFile; fileRef = AECB776528CCA395004B77F2 /* APIManager.swift */; };
		AECB776928CCBE74004B77F2 /* BaseView.swift in Sources */ = {isa = PBXBuildFile; fileRef = AECB776828CCBE74004B77F2 /* BaseView.swift */; };
		AECB776B28CCBE87004B77F2 /* BaseViewController.swift in Sources */ = {isa = PBXBuildFile; fileRef = AECB776A28CCBE87004B77F2 /* BaseViewController.swift */; };
		AECB776D28CCBE98004B77F2 /* BaseTableViewCell.swift in Sources */ = {isa = PBXBuildFile; fileRef = AECB776C28CCBE98004B77F2 /* BaseTableViewCell.swift */; };
		AECB776F28CCBEA8004B77F2 /* BaseCollectionViewCell.swift in Sources */ = {isa = PBXBuildFile; fileRef = AECB776E28CCBEA8004B77F2 /* BaseCollectionViewCell.swift */; };
		AECB777428CE2C43004B77F2 /* SnapKit in Frameworks */ = {isa = PBXBuildFile; productRef = AECB777328CE2C43004B77F2 /* SnapKit */; };
		AECB777728CE2C4D004B77F2 /* Then in Frameworks */ = {isa = PBXBuildFile; productRef = AECB777628CE2C4D004B77F2 /* Then */; };
		AECB778228CE2CAC004B77F2 /* Alamofire in Frameworks */ = {isa = PBXBuildFile; productRef = AECB778128CE2CAC004B77F2 /* Alamofire */; };
		AECB778528CE2CBC004B77F2 /* SwiftyJSON in Frameworks */ = {isa = PBXBuildFile; productRef = AECB778428CE2CBC004B77F2 /* SwiftyJSON */; };
		AECB778828CE2D5B004B77F2 /* JGProgressHUD in Frameworks */ = {isa = PBXBuildFile; productRef = AECB778728CE2D5B004B77F2 /* JGProgressHUD */; };
		AECB779028CE33C8004B77F2 /* OnBoardingItemViewController.swift in Sources */ = {isa = PBXBuildFile; fileRef = AECB778E28CE33C7004B77F2 /* OnBoardingItemViewController.swift */; };
		AECB779128CE33C8004B77F2 /* OnBoardingItemViewController.xib in Resources */ = {isa = PBXBuildFile; fileRef = AECB778F28CE33C8004B77F2 /* OnBoardingItemViewController.xib */; };
		AECB779428CE3AAA004B77F2 /* MainListViewController.swift in Sources */ = {isa = PBXBuildFile; fileRef = AECB779328CE3AAA004B77F2 /* MainListViewController.swift */; };
		AECB779628CE3B2A004B77F2 /* MainListView.swift in Sources */ = {isa = PBXBuildFile; fileRef = AECB779528CE3B2A004B77F2 /* MainListView.swift */; };
		AECB779828CE3B38004B77F2 /* MainListTableViewCell.swift in Sources */ = {isa = PBXBuildFile; fileRef = AECB779728CE3B38004B77F2 /* MainListTableViewCell.swift */; };
		AECB779D28D05830004B77F2 /* EndPoint.swift in Sources */ = {isa = PBXBuildFile; fileRef = AECB779C28D05830004B77F2 /* EndPoint.swift */; };
		AECB77A028D05893004B77F2 /* WeatherModel.swift in Sources */ = {isa = PBXBuildFile; fileRef = AECB779F28D05893004B77F2 /* WeatherModel.swift */; };
		AECB77A428D06071004B77F2 /* NewsModel.swift in Sources */ = {isa = PBXBuildFile; fileRef = AECB77A328D06071004B77F2 /* NewsModel.swift */; };
		AECB77A728D06F50004B77F2 /* NewsViewController.swift in Sources */ = {isa = PBXBuildFile; fileRef = AECB77A628D06F50004B77F2 /* NewsViewController.swift */; };
		AECB77A928D06F5C004B77F2 /* NewsTableViewCell.swift in Sources */ = {isa = PBXBuildFile; fileRef = AECB77A828D06F5C004B77F2 /* NewsTableViewCell.swift */; };
		AECB77AB28D31CAE004B77F2 /* String+Extension.swift in Sources */ = {isa = PBXBuildFile; fileRef = AECB77AA28D31CAD004B77F2 /* String+Extension.swift */; };
		AECB77AD28D36E0A004B77F2 /* CaculateViewController.swift in Sources */ = {isa = PBXBuildFile; fileRef = AECB77AC28D36E0A004B77F2 /* CaculateViewController.swift */; };
		AECB77AF28D36E14004B77F2 /* CaculateView.swift in Sources */ = {isa = PBXBuildFile; fileRef = AECB77AE28D36E14004B77F2 /* CaculateView.swift */; };
		AECB77B128D36E21004B77F2 /* ChartPatternViewController.swift in Sources */ = {isa = PBXBuildFile; fileRef = AECB77B028D36E21004B77F2 /* ChartPatternViewController.swift */; };
		AECB77B428D36E5D004B77F2 /* ChartPatternCollectionViewCell.swift in Sources */ = {isa = PBXBuildFile; fileRef = AECB77B328D36E5D004B77F2 /* ChartPatternCollectionViewCell.swift */; };
		AECB77B928D495C9004B77F2 /* UIViewController+Extension.swift in Sources */ = {isa = PBXBuildFile; fileRef = AECB77B828D495C9004B77F2 /* UIViewController+Extension.swift */; };
		AECB77BB28D49B2A004B77F2 /* Int+Extension.swift in Sources */ = {isa = PBXBuildFile; fileRef = AECB77BA28D49B2A004B77F2 /* Int+Extension.swift */; };
		AECB77BD28D4AECD004B77F2 /* ChartPatternView.swift in Sources */ = {isa = PBXBuildFile; fileRef = AECB77BC28D4AECD004B77F2 /* ChartPatternView.swift */; };
		AEE7227C28D4C371002B569C /* PatternModel.swift in Sources */ = {isa = PBXBuildFile; fileRef = AEE7227B28D4C371002B569C /* PatternModel.swift */; };
		AEE7228028D4CF22002B569C /* ChartPatternHeaderView.swift in Sources */ = {isa = PBXBuildFile; fileRef = AEE7227F28D4CF22002B569C /* ChartPatternHeaderView.swift */; };
		AEE7228328D6D3EF002B569C /* ChartDetailViewController.swift in Sources */ = {isa = PBXBuildFile; fileRef = AEE7228228D6D3EF002B569C /* ChartDetailViewController.swift */; };
		AEE7228528D6D3F7002B569C /* ChartDetailView.swift in Sources */ = {isa = PBXBuildFile; fileRef = AEE7228428D6D3F7002B569C /* ChartDetailView.swift */; };
/* End PBXBuildFile section */

/* Begin PBXFileReference section */
		AE5A2ED228E1AC520026E400 /* StockNameModel.swift */ = {isa = PBXFileReference; lastKnownFileType = sourcecode.swift; path = StockNameModel.swift; sourceTree = "<group>"; };
		AE77881428D766AD00014C74 /* ChartModel.swift */ = {isa = PBXFileReference; lastKnownFileType = sourcecode.swift; path = ChartModel.swift; sourceTree = "<group>"; };
		AE77881628D76BBF00014C74 /* CandleModel.swift */ = {isa = PBXFileReference; lastKnownFileType = sourcecode.swift; path = CandleModel.swift; sourceTree = "<group>"; };
		AE77881928D8B21400014C74 /* BuyandSellViewController.swift */ = {isa = PBXFileReference; lastKnownFileType = sourcecode.swift; path = BuyandSellViewController.swift; sourceTree = "<group>"; };
		AE77881B28D8B21F00014C74 /* BuyandSellView.swift */ = {isa = PBXFileReference; lastKnownFileType = sourcecode.swift; path = BuyandSellView.swift; sourceTree = "<group>"; };
		AE77882328DA08A600014C74 /* ChosunKm.TTF */ = {isa = PBXFileReference; lastKnownFileType = file; path = ChosunKm.TTF; sourceTree = "<group>"; };
		AE77882528DA08AF00014C74 /* ChosunSm.TTF */ = {isa = PBXFileReference; lastKnownFileType = file; path = ChosunSm.TTF; sourceTree = "<group>"; };
		AE77882728DA137100014C74 /* AddressModel.swift */ = {isa = PBXFileReference; lastKnownFileType = sourcecode.swift; path = AddressModel.swift; sourceTree = "<group>"; };
		AE77883628DB3F0500014C74 /* VITRO CORE TTF.ttf */ = {isa = PBXFileReference; lastKnownFileType = file; path = "VITRO CORE TTF.ttf"; sourceTree = "<group>"; };
		AE77883728DB3F0500014C74 /* VITRO PRIDE TTF.ttf */ = {isa = PBXFileReference; lastKnownFileType = file; path = "VITRO PRIDE TTF.ttf"; sourceTree = "<group>"; };
		AE77883B28DB625C00014C74 /* StockModel.swift */ = {isa = PBXFileReference; lastKnownFileType = sourcecode.swift; path = StockModel.swift; sourceTree = "<group>"; };
		AE77883D28DB626700014C74 /* StockRepository.swift */ = {isa = PBXFileReference; lastKnownFileType = sourcecode.swift; path = StockRepository.swift; sourceTree = "<group>"; };
		AE77884028DCA14600014C74 /* SettingViewController.swift */ = {isa = PBXFileReference; lastKnownFileType = sourcecode.swift; path = SettingViewController.swift; sourceTree = "<group>"; };
		AE77884228DCA15500014C74 /* SettingTableViewCell.swift */ = {isa = PBXFileReference; lastKnownFileType = sourcecode.swift; path = SettingTableViewCell.swift; sourceTree = "<group>"; };
		AE77884728DD867F00014C74 /* StockDetailViewController.swift */ = {isa = PBXFileReference; lastKnownFileType = sourcecode.swift; path = StockDetailViewController.swift; sourceTree = "<group>"; };
		AE77884928DD868B00014C74 /* StockTableViewCell.swift */ = {isa = PBXFileReference; lastKnownFileType = sourcecode.swift; path = StockTableViewCell.swift; sourceTree = "<group>"; };
		AE82C66428E440A2002CB358 /* GlobalNewsViewController.swift */ = {isa = PBXFileReference; lastKnownFileType = sourcecode.swift; path = GlobalNewsViewController.swift; sourceTree = "<group>"; };
		AE82C66628E440C5002CB358 /* DomesticNewsViewController.swift */ = {isa = PBXFileReference; lastKnownFileType = sourcecode.swift; path = DomesticNewsViewController.swift; sourceTree = "<group>"; };
		AE82C66928E468C5002CB358 /* OpenSourceLicense.swift */ = {isa = PBXFileReference; lastKnownFileType = sourcecode.swift; path = OpenSourceLicense.swift; sourceTree = "<group>"; };
		AE82C66B28E46A37002CB358 /* OpenSourceLicenseTableViewCell.swift */ = {isa = PBXFileReference; lastKnownFileType = sourcecode.swift; path = OpenSourceLicenseTableViewCell.swift; sourceTree = "<group>"; };
		AE82C66D28E46CBD002CB358 /* OpenSourceModel.swift */ = {isa = PBXFileReference; lastKnownFileType = sourcecode.swift; path = OpenSourceModel.swift; sourceTree = "<group>"; };
		AE84D29728F5ADCE0063283A /* GoogleService-Info.plist */ = {isa = PBXFileReference; fileEncoding = 4; lastKnownFileType = text.plist.xml; path = "GoogleService-Info.plist"; sourceTree = "<group>"; };
		AE84D2A128F5B6370063283A /* One_Percent.entitlements */ = {isa = PBXFileReference; lastKnownFileType = text.plist.entitlements; path = One_Percent.entitlements; sourceTree = "<group>"; };
		AE84D2AC28FBE0110063283A /* LabelView.swift */ = {isa = PBXFileReference; lastKnownFileType = sourcecode.swift; path = LabelView.swift; sourceTree = "<group>"; };
		AE84D2AE28FBE5C90063283A /* ButtonView.swift */ = {isa = PBXFileReference; lastKnownFileType = sourcecode.swift; path = ButtonView.swift; sourceTree = "<group>"; };
		AE84D2B028FBE8380063283A /* TextFieldView.swift */ = {isa = PBXFileReference; lastKnownFileType = sourcecode.swift; path = TextFieldView.swift; sourceTree = "<group>"; };
		AEB4B60328E1B6500004CE79 /* SearchViewController.swift */ = {isa = PBXFileReference; lastKnownFileType = sourcecode.swift; path = SearchViewController.swift; sourceTree = "<group>"; };
		AEB4B60528E1B65C0004CE79 /* SearchTableViewCell.swift */ = {isa = PBXFileReference; lastKnownFileType = sourcecode.swift; path = SearchTableViewCell.swift; sourceTree = "<group>"; };
		AEC6BC892948276500EA7D00 /* CheckNetworkConnection.swift */ = {isa = PBXFileReference; lastKnownFileType = sourcecode.swift; path = CheckNetworkConnection.swift; sourceTree = "<group>"; };
		AECB773728CC9EEC004B77F2 /* One_Percent.app */ = {isa = PBXFileReference; explicitFileType = wrapper.application; includeInIndex = 0; path = One_Percent.app; sourceTree = BUILT_PRODUCTS_DIR; };
		AECB773A28CC9EEC004B77F2 /* AppDelegate.swift */ = {isa = PBXFileReference; lastKnownFileType = sourcecode.swift; path = AppDelegate.swift; sourceTree = "<group>"; };
		AECB773C28CC9EEC004B77F2 /* SceneDelegate.swift */ = {isa = PBXFileReference; lastKnownFileType = sourcecode.swift; path = SceneDelegate.swift; sourceTree = "<group>"; };
		AECB773E28CC9EEC004B77F2 /* ViewController.swift */ = {isa = PBXFileReference; lastKnownFileType = sourcecode.swift; path = ViewController.swift; sourceTree = "<group>"; };
		AECB774328CC9EEE004B77F2 /* Assets.xcassets */ = {isa = PBXFileReference; lastKnownFileType = folder.assetcatalog; path = Assets.xcassets; sourceTree = "<group>"; };
		AECB774628CC9EEE004B77F2 /* Base */ = {isa = PBXFileReference; lastKnownFileType = file.storyboard; name = Base; path = Base.lproj/LaunchScreen.storyboard; sourceTree = "<group>"; };
		AECB774828CC9EEE004B77F2 /* Info.plist */ = {isa = PBXFileReference; lastKnownFileType = text.plist.xml; path = Info.plist; sourceTree = "<group>"; };
		AECB775128CC9F3D004B77F2 /* OnBoardingPageViewController.swift */ = {isa = PBXFileReference; lastKnownFileType = sourcecode.swift; path = OnBoardingPageViewController.swift; sourceTree = "<group>"; };
		AECB775828CCA113004B77F2 /* ReusableProtocol.swift */ = {isa = PBXFileReference; lastKnownFileType = sourcecode.swift; path = ReusableProtocol.swift; sourceTree = "<group>"; };
		AECB775B28CCA139004B77F2 /* .gitignore */ = {isa = PBXFileReference; lastKnownFileType = text; path = .gitignore; sourceTree = "<group>"; };
		AECB775D28CCA27D004B77F2 /* Transition+Extension.swift */ = {isa = PBXFileReference; lastKnownFileType = sourcecode.swift; path = "Transition+Extension.swift"; sourceTree = "<group>"; };
		AECB776028CCA2AB004B77F2 /* Constant.swift */ = {isa = PBXFileReference; lastKnownFileType = sourcecode.swift; path = Constant.swift; sourceTree = "<group>"; };
		AECB776328CCA389004B77F2 /* APIKey.swift */ = {isa = PBXFileReference; lastKnownFileType = sourcecode.swift; path = APIKey.swift; sourceTree = "<group>"; };
		AECB776528CCA395004B77F2 /* APIManager.swift */ = {isa = PBXFileReference; lastKnownFileType = sourcecode.swift; path = APIManager.swift; sourceTree = "<group>"; };
		AECB776828CCBE74004B77F2 /* BaseView.swift */ = {isa = PBXFileReference; lastKnownFileType = sourcecode.swift; path = BaseView.swift; sourceTree = "<group>"; };
		AECB776A28CCBE87004B77F2 /* BaseViewController.swift */ = {isa = PBXFileReference; lastKnownFileType = sourcecode.swift; path = BaseViewController.swift; sourceTree = "<group>"; };
		AECB776C28CCBE98004B77F2 /* BaseTableViewCell.swift */ = {isa = PBXFileReference; lastKnownFileType = sourcecode.swift; path = BaseTableViewCell.swift; sourceTree = "<group>"; };
		AECB776E28CCBEA8004B77F2 /* BaseCollectionViewCell.swift */ = {isa = PBXFileReference; lastKnownFileType = sourcecode.swift; path = BaseCollectionViewCell.swift; sourceTree = "<group>"; };
		AECB778E28CE33C7004B77F2 /* OnBoardingItemViewController.swift */ = {isa = PBXFileReference; lastKnownFileType = sourcecode.swift; path = OnBoardingItemViewController.swift; sourceTree = "<group>"; };
		AECB778F28CE33C8004B77F2 /* OnBoardingItemViewController.xib */ = {isa = PBXFileReference; lastKnownFileType = file.xib; path = OnBoardingItemViewController.xib; sourceTree = "<group>"; };
		AECB779328CE3AAA004B77F2 /* MainListViewController.swift */ = {isa = PBXFileReference; lastKnownFileType = sourcecode.swift; path = MainListViewController.swift; sourceTree = "<group>"; };
		AECB779528CE3B2A004B77F2 /* MainListView.swift */ = {isa = PBXFileReference; lastKnownFileType = sourcecode.swift; path = MainListView.swift; sourceTree = "<group>"; };
		AECB779728CE3B38004B77F2 /* MainListTableViewCell.swift */ = {isa = PBXFileReference; lastKnownFileType = sourcecode.swift; path = MainListTableViewCell.swift; sourceTree = "<group>"; };
		AECB779C28D05830004B77F2 /* EndPoint.swift */ = {isa = PBXFileReference; lastKnownFileType = sourcecode.swift; path = EndPoint.swift; sourceTree = "<group>"; };
		AECB779F28D05893004B77F2 /* WeatherModel.swift */ = {isa = PBXFileReference; lastKnownFileType = sourcecode.swift; path = WeatherModel.swift; sourceTree = "<group>"; };
		AECB77A328D06071004B77F2 /* NewsModel.swift */ = {isa = PBXFileReference; lastKnownFileType = sourcecode.swift; path = NewsModel.swift; sourceTree = "<group>"; };
		AECB77A628D06F50004B77F2 /* NewsViewController.swift */ = {isa = PBXFileReference; lastKnownFileType = sourcecode.swift; path = NewsViewController.swift; sourceTree = "<group>"; };
		AECB77A828D06F5C004B77F2 /* NewsTableViewCell.swift */ = {isa = PBXFileReference; lastKnownFileType = sourcecode.swift; path = NewsTableViewCell.swift; sourceTree = "<group>"; };
		AECB77AA28D31CAD004B77F2 /* String+Extension.swift */ = {isa = PBXFileReference; lastKnownFileType = sourcecode.swift; path = "String+Extension.swift"; sourceTree = "<group>"; };
		AECB77AC28D36E0A004B77F2 /* CaculateViewController.swift */ = {isa = PBXFileReference; lastKnownFileType = sourcecode.swift; path = CaculateViewController.swift; sourceTree = "<group>"; };
		AECB77AE28D36E14004B77F2 /* CaculateView.swift */ = {isa = PBXFileReference; lastKnownFileType = sourcecode.swift; path = CaculateView.swift; sourceTree = "<group>"; };
		AECB77B028D36E21004B77F2 /* ChartPatternViewController.swift */ = {isa = PBXFileReference; lastKnownFileType = sourcecode.swift; path = ChartPatternViewController.swift; sourceTree = "<group>"; };
		AECB77B328D36E5D004B77F2 /* ChartPatternCollectionViewCell.swift */ = {isa = PBXFileReference; lastKnownFileType = sourcecode.swift; path = ChartPatternCollectionViewCell.swift; sourceTree = "<group>"; };
		AECB77B828D495C9004B77F2 /* UIViewController+Extension.swift */ = {isa = PBXFileReference; lastKnownFileType = sourcecode.swift; path = "UIViewController+Extension.swift"; sourceTree = "<group>"; };
		AECB77BA28D49B2A004B77F2 /* Int+Extension.swift */ = {isa = PBXFileReference; lastKnownFileType = sourcecode.swift; path = "Int+Extension.swift"; sourceTree = "<group>"; };
		AECB77BC28D4AECD004B77F2 /* ChartPatternView.swift */ = {isa = PBXFileReference; lastKnownFileType = sourcecode.swift; path = ChartPatternView.swift; sourceTree = "<group>"; };
		AEE7227B28D4C371002B569C /* PatternModel.swift */ = {isa = PBXFileReference; lastKnownFileType = sourcecode.swift; path = PatternModel.swift; sourceTree = "<group>"; };
		AEE7227F28D4CF22002B569C /* ChartPatternHeaderView.swift */ = {isa = PBXFileReference; lastKnownFileType = sourcecode.swift; path = ChartPatternHeaderView.swift; sourceTree = "<group>"; };
		AEE7228228D6D3EF002B569C /* ChartDetailViewController.swift */ = {isa = PBXFileReference; lastKnownFileType = sourcecode.swift; path = ChartDetailViewController.swift; sourceTree = "<group>"; };
		AEE7228428D6D3F7002B569C /* ChartDetailView.swift */ = {isa = PBXFileReference; lastKnownFileType = sourcecode.swift; path = ChartDetailView.swift; sourceTree = "<group>"; };
/* End PBXFileReference section */

/* Begin PBXFrameworksBuildPhase section */
		AECB773428CC9EEC004B77F2 /* Frameworks */ = {
			isa = PBXFrameworksBuildPhase;
			buildActionMask = 2147483647;
			files = (
				AEC26DB228F3242B00D7900B /* RealmSwift in Frameworks */,
				AECB778528CE2CBC004B77F2 /* SwiftyJSON in Frameworks */,
				AE77882B28DA268F00014C74 /* Kingfisher in Frameworks */,
				AECB777428CE2C43004B77F2 /* SnapKit in Frameworks */,
				AE82C66328E3F798002CB358 /* Tabman in Frameworks */,
				AECB778828CE2D5B004B77F2 /* JGProgressHUD in Frameworks */,
				AECB778228CE2CAC004B77F2 /* Alamofire in Frameworks */,
				AE84D29D28F5AE320063283A /* FirebaseCrashlytics in Frameworks */,
				AE84D29B28F5AE320063283A /* FirebaseAnalyticsWithoutAdIdSupport in Frameworks */,
				AE84D29F28F5AE320063283A /* FirebaseMessaging in Frameworks */,
				AECB777728CE2C4D004B77F2 /* Then in Frameworks */,
			);
			runOnlyForDeploymentPostprocessing = 0;
		};
/* End PBXFrameworksBuildPhase section */

/* Begin PBXGroup section */
		AE77881828D8B1DB00014C74 /* BuyandSellScene */ = {
			isa = PBXGroup;
			children = (
				AEB4B60228E1B6390004CE79 /* SearchScene */,
				AE77881928D8B21400014C74 /* BuyandSellViewController.swift */,
				AE77881B28D8B21F00014C74 /* BuyandSellView.swift */,
			);
			path = BuyandSellScene;
			sourceTree = "<group>";
		};
		AE77881D28DA058500014C74 /* Font */ = {
			isa = PBXGroup;
			children = (
				AE77883628DB3F0500014C74 /* VITRO CORE TTF.ttf */,
				AE77883728DB3F0500014C74 /* VITRO PRIDE TTF.ttf */,
				AE77882528DA08AF00014C74 /* ChosunSm.TTF */,
				AE77882328DA08A600014C74 /* ChosunKm.TTF */,
			);
			path = Font;
			sourceTree = "<group>";
		};
		AE77883A28DB5E9F00014C74 /* Realm */ = {
			isa = PBXGroup;
			children = (
				AE77883B28DB625C00014C74 /* StockModel.swift */,
				AE77883D28DB626700014C74 /* StockRepository.swift */,
			);
			path = Realm;
			sourceTree = "<group>";
		};
		AE77883F28DCA13A00014C74 /* SettingScene */ = {
			isa = PBXGroup;
			children = (
				AE82C66828E46895002CB358 /* OpenSource License */,
				AE77884028DCA14600014C74 /* SettingViewController.swift */,
				AE77884228DCA15500014C74 /* SettingTableViewCell.swift */,
			);
			path = SettingScene;
			sourceTree = "<group>";
		};
		AE77884628DD866E00014C74 /* StockDetailScene */ = {
			isa = PBXGroup;
			children = (
				AE77884728DD867F00014C74 /* StockDetailViewController.swift */,
				AE77884928DD868B00014C74 /* StockTableViewCell.swift */,
			);
			path = StockDetailScene;
			sourceTree = "<group>";
		};
		AE82C66828E46895002CB358 /* OpenSource License */ = {
			isa = PBXGroup;
			children = (
				AE82C66928E468C5002CB358 /* OpenSourceLicense.swift */,
				AE82C66B28E46A37002CB358 /* OpenSourceLicenseTableViewCell.swift */,
				AE82C66D28E46CBD002CB358 /* OpenSourceModel.swift */,
			);
			path = "OpenSource License";
			sourceTree = "<group>";
		};
		AE84D2AB28FBDFD60063283A /* CustomView */ = {
			isa = PBXGroup;
			children = (
				AE84D2AC28FBE0110063283A /* LabelView.swift */,
				AE84D2AE28FBE5C90063283A /* ButtonView.swift */,
				AE84D2B028FBE8380063283A /* TextFieldView.swift */,
			);
			name = CustomView;
			sourceTree = "<group>";
		};
		AEB4B60228E1B6390004CE79 /* SearchScene */ = {
			isa = PBXGroup;
			children = (
				AEB4B60328E1B6500004CE79 /* SearchViewController.swift */,
				AEB4B60528E1B65C0004CE79 /* SearchTableViewCell.swift */,
			);
			path = SearchScene;
			sourceTree = "<group>";
		};
		AECB772E28CC9EEC004B77F2 = {
			isa = PBXGroup;
			children = (
				AECB775B28CCA139004B77F2 /* .gitignore */,
				AECB773928CC9EEC004B77F2 /* One_Percent */,
				AECB773828CC9EEC004B77F2 /* Products */,
			);
			sourceTree = "<group>";
		};
		AECB773828CC9EEC004B77F2 /* Products */ = {
			isa = PBXGroup;
			children = (
				AECB773728CC9EEC004B77F2 /* One_Percent.app */,
			);
			name = Products;
			sourceTree = "<group>";
		};
		AECB773928CC9EEC004B77F2 /* One_Percent */ = {
			isa = PBXGroup;
			children = (
				CA1BBA7029C0447B004A6D4B /* Application */,
				AECB774828CC9EEE004B77F2 /* Info.plist */,
				CA1BBA6E29C040D0004A6D4B /* Resource */,
				CA1BBA6D29C040C7004A6D4B /* Data */,
				CA1BBA6C29C040BC004A6D4B /* Presentation */,
				AECB776228CCA37A004B77F2 /* Network */,
				AECB775F28CCA29A004B77F2 /* Utility */,
			);
			path = One_Percent;
			sourceTree = "<group>";
		};
		AECB774E28CC9F09004B77F2 /* OnBoardingScene */ = {
			isa = PBXGroup;
			children = (
				AECB775128CC9F3D004B77F2 /* OnBoardingPageViewController.swift */,
				AECB778E28CE33C7004B77F2 /* OnBoardingItemViewController.swift */,
				AECB778F28CE33C8004B77F2 /* OnBoardingItemViewController.xib */,
			);
			path = OnBoardingScene;
			sourceTree = "<group>";
		};
		AECB775728CCA0FF004B77F2 /* Protocol */ = {
			isa = PBXGroup;
			children = (
				AECB775828CCA113004B77F2 /* ReusableProtocol.swift */,
			);
			path = Protocol;
			sourceTree = "<group>";
		};
		AECB775A28CCA125004B77F2 /* Extension */ = {
			isa = PBXGroup;
			children = (
				AECB775D28CCA27D004B77F2 /* Transition+Extension.swift */,
				AECB77AA28D31CAD004B77F2 /* String+Extension.swift */,
				AECB77B828D495C9004B77F2 /* UIViewController+Extension.swift */,
				AECB77BA28D49B2A004B77F2 /* Int+Extension.swift */,
			);
			path = Extension;
			sourceTree = "<group>";
		};
		AECB775F28CCA29A004B77F2 /* Utility */ = {
			isa = PBXGroup;
			children = (
				CA1BBA7229C04537004A6D4B /* Constants */,
				AECB775728CCA0FF004B77F2 /* Protocol */,
				AECB775A28CCA125004B77F2 /* Extension */,
				AE84D2AB28FBDFD60063283A /* CustomView */,
			);
			path = Utility;
			sourceTree = "<group>";
		};
		AECB776228CCA37A004B77F2 /* Network */ = {
			isa = PBXGroup;
			children = (
				AECB779E28D05887004B77F2 /* Model */,
				AECB776328CCA389004B77F2 /* APIKey.swift */,
				AECB776528CCA395004B77F2 /* APIManager.swift */,
				AECB779C28D05830004B77F2 /* EndPoint.swift */,
				AEC6BC892948276500EA7D00 /* CheckNetworkConnection.swift */,
			);
			path = Network;
			sourceTree = "<group>";
		};
		AECB776728CCA3BA004B77F2 /* Common */ = {
			isa = PBXGroup;
			children = (
				AECB773E28CC9EEC004B77F2 /* ViewController.swift */,
				CA1BBA6F29C04449004A6D4B /* Cell */,
				AECB776828CCBE74004B77F2 /* BaseView.swift */,
				AECB776A28CCBE87004B77F2 /* BaseViewController.swift */,
			);
			path = Common;
			sourceTree = "<group>";
		};
		AECB779228CE3A7D004B77F2 /* MainStockListScene */ = {
			isa = PBXGroup;
			children = (
				CA1BBA7129C044F2004A6D4B /* MainScene */,
				AE77884628DD866E00014C74 /* StockDetailScene */,
				AE77883F28DCA13A00014C74 /* SettingScene */,
				AE77881828D8B1DB00014C74 /* BuyandSellScene */,
			);
			path = MainStockListScene;
			sourceTree = "<group>";
		};
		AECB779928CF1FE5004B77F2 /* ChartPatternScene */ = {
			isa = PBXGroup;
			children = (
				AEE7228128D6D3DE002B569C /* ChartDetailScene */,
				AECB77B028D36E21004B77F2 /* ChartPatternViewController.swift */,
				AEE7227F28D4CF22002B569C /* ChartPatternHeaderView.swift */,
				AECB77B328D36E5D004B77F2 /* ChartPatternCollectionViewCell.swift */,
				AECB77BC28D4AECD004B77F2 /* ChartPatternView.swift */,
			);
			path = ChartPatternScene;
			sourceTree = "<group>";
		};
		AECB779B28CF1FEA004B77F2 /* CaculateScene */ = {
			isa = PBXGroup;
			children = (
				AECB77AC28D36E0A004B77F2 /* CaculateViewController.swift */,
				AECB77AE28D36E14004B77F2 /* CaculateView.swift */,
			);
			path = CaculateScene;
			sourceTree = "<group>";
		};
		AECB779E28D05887004B77F2 /* Model */ = {
			isa = PBXGroup;
			children = (
				AECB779F28D05893004B77F2 /* WeatherModel.swift */,
				AECB77A328D06071004B77F2 /* NewsModel.swift */,
				AE77882728DA137100014C74 /* AddressModel.swift */,
				AE5A2ED228E1AC520026E400 /* StockNameModel.swift */,
			);
			path = Model;
			sourceTree = "<group>";
		};
		AECB77A528D061CA004B77F2 /* NewsScene */ = {
			isa = PBXGroup;
			children = (
				AECB77A628D06F50004B77F2 /* NewsViewController.swift */,
				AECB77A828D06F5C004B77F2 /* NewsTableViewCell.swift */,
				AE82C66428E440A2002CB358 /* GlobalNewsViewController.swift */,
				AE82C66628E440C5002CB358 /* DomesticNewsViewController.swift */,
			);
			path = NewsScene;
			sourceTree = "<group>";
		};
		AEE7227A28D4C365002B569C /* Chart */ = {
			isa = PBXGroup;
			children = (
				AEE7227B28D4C371002B569C /* PatternModel.swift */,
				AE77881428D766AD00014C74 /* ChartModel.swift */,
				AE77881628D76BBF00014C74 /* CandleModel.swift */,
			);
			path = Chart;
			sourceTree = "<group>";
		};
		AEE7228128D6D3DE002B569C /* ChartDetailScene */ = {
			isa = PBXGroup;
			children = (
				AEE7228228D6D3EF002B569C /* ChartDetailViewController.swift */,
				AEE7228428D6D3F7002B569C /* ChartDetailView.swift */,
			);
			path = ChartDetailScene;
			sourceTree = "<group>";
		};
		CA1BBA6C29C040BC004A6D4B /* Presentation */ = {
			isa = PBXGroup;
			children = (
				AECB774E28CC9F09004B77F2 /* OnBoardingScene */,
				AECB776728CCA3BA004B77F2 /* Common */,
				AECB779228CE3A7D004B77F2 /* MainStockListScene */,
				AECB779B28CF1FEA004B77F2 /* CaculateScene */,
				AECB779928CF1FE5004B77F2 /* ChartPatternScene */,
				AECB77A528D061CA004B77F2 /* NewsScene */,
			);
			path = Presentation;
			sourceTree = "<group>";
		};
		CA1BBA6D29C040C7004A6D4B /* Data */ = {
			isa = PBXGroup;
			children = (
				AEE7227A28D4C365002B569C /* Chart */,
				AE77883A28DB5E9F00014C74 /* Realm */,
			);
			path = Data;
			sourceTree = "<group>";
		};
		CA1BBA6E29C040D0004A6D4B /* Resource */ = {
			isa = PBXGroup;
			children = (
				AE84D29728F5ADCE0063283A /* GoogleService-Info.plist */,
				AE84D2A128F5B6370063283A /* One_Percent.entitlements */,
				AECB774528CC9EEE004B77F2 /* LaunchScreen.storyboard */,
				AECB774328CC9EEE004B77F2 /* Assets.xcassets */,
				AE77881D28DA058500014C74 /* Font */,
			);
			path = Resource;
			sourceTree = "<group>";
		};
		CA1BBA6F29C04449004A6D4B /* Cell */ = {
			isa = PBXGroup;
			children = (
				AECB776C28CCBE98004B77F2 /* BaseTableViewCell.swift */,
				AECB776E28CCBEA8004B77F2 /* BaseCollectionViewCell.swift */,
			);
			path = Cell;
			sourceTree = "<group>";
		};
		CA1BBA7029C0447B004A6D4B /* Application */ = {
			isa = PBXGroup;
			children = (
				AECB773A28CC9EEC004B77F2 /* AppDelegate.swift */,
				AECB773C28CC9EEC004B77F2 /* SceneDelegate.swift */,
			);
			path = Application;
			sourceTree = "<group>";
		};
		CA1BBA7129C044F2004A6D4B /* MainScene */ = {
			isa = PBXGroup;
			children = (
				AECB779328CE3AAA004B77F2 /* MainListViewController.swift */,
				AECB779528CE3B2A004B77F2 /* MainListView.swift */,
				AECB779728CE3B38004B77F2 /* MainListTableViewCell.swift */,
			);
			path = MainScene;
			sourceTree = "<group>";
		};
		CA1BBA7229C04537004A6D4B /* Constants */ = {
			isa = PBXGroup;
			children = (
				AECB776028CCA2AB004B77F2 /* Constant.swift */,
			);
			path = Constants;
			sourceTree = "<group>";
		};
/* End PBXGroup section */

/* Begin PBXNativeTarget section */
		AECB773628CC9EEC004B77F2 /* One_Percent */ = {
			isa = PBXNativeTarget;
			buildConfigurationList = AECB774B28CC9EEE004B77F2 /* Build configuration list for PBXNativeTarget "One_Percent" */;
			buildPhases = (
				AECB773328CC9EEC004B77F2 /* Sources */,
				AECB773428CC9EEC004B77F2 /* Frameworks */,
				AECB773528CC9EEC004B77F2 /* Resources */,
			);
			buildRules = (
			);
			dependencies = (
			);
			name = One_Percent;
			packageProductDependencies = (
				AECB777328CE2C43004B77F2 /* SnapKit */,
				AECB777628CE2C4D004B77F2 /* Then */,
				AECB778128CE2CAC004B77F2 /* Alamofire */,
				AECB778428CE2CBC004B77F2 /* SwiftyJSON */,
				AECB778728CE2D5B004B77F2 /* JGProgressHUD */,
				AE77882A28DA268F00014C74 /* Kingfisher */,
				AE82C66228E3F798002CB358 /* Tabman */,
				AEC26DB128F3242B00D7900B /* RealmSwift */,
				AE84D29A28F5AE320063283A /* FirebaseAnalyticsWithoutAdIdSupport */,
				AE84D29C28F5AE320063283A /* FirebaseCrashlytics */,
				AE84D29E28F5AE320063283A /* FirebaseMessaging */,
			);
			productName = One_Percent;
			productReference = AECB773728CC9EEC004B77F2 /* One_Percent.app */;
			productType = "com.apple.product-type.application";
		};
/* End PBXNativeTarget section */

/* Begin PBXProject section */
		AECB772F28CC9EEC004B77F2 /* Project object */ = {
			isa = PBXProject;
			attributes = {
				BuildIndependentTargetsInParallel = 1;
				LastSwiftUpdateCheck = 1340;
				LastUpgradeCheck = 1340;
				TargetAttributes = {
					AECB773628CC9EEC004B77F2 = {
						CreatedOnToolsVersion = 13.4.1;
					};
				};
			};
			buildConfigurationList = AECB773228CC9EEC004B77F2 /* Build configuration list for PBXProject "One_Percent" */;
			compatibilityVersion = "Xcode 13.0";
			developmentRegion = en;
			hasScannedForEncodings = 0;
			knownRegions = (
				en,
				Base,
			);
			mainGroup = AECB772E28CC9EEC004B77F2;
			packageReferences = (
				AECB777228CE2C43004B77F2 /* XCRemoteSwiftPackageReference "SnapKit" */,
				AECB777528CE2C4D004B77F2 /* XCRemoteSwiftPackageReference "Then" */,
				AECB778028CE2CAC004B77F2 /* XCRemoteSwiftPackageReference "Alamofire" */,
				AECB778328CE2CBC004B77F2 /* XCRemoteSwiftPackageReference "SwiftyJSON" */,
				AECB778628CE2D5A004B77F2 /* XCRemoteSwiftPackageReference "JGProgressHUD" */,
				AE77882928DA268F00014C74 /* XCRemoteSwiftPackageReference "Kingfisher" */,
				AE82C66128E3F798002CB358 /* XCRemoteSwiftPackageReference "Tabman" */,
				AEC26DB028F3242B00D7900B /* XCRemoteSwiftPackageReference "realm-swift" */,
				AE84D29928F5AE320063283A /* XCRemoteSwiftPackageReference "firebase-ios-sdk" */,
			);
			productRefGroup = AECB773828CC9EEC004B77F2 /* Products */;
			projectDirPath = "";
			projectRoot = "";
			targets = (
				AECB773628CC9EEC004B77F2 /* One_Percent */,
			);
		};
/* End PBXProject section */

/* Begin PBXResourcesBuildPhase section */
		AECB773528CC9EEC004B77F2 /* Resources */ = {
			isa = PBXResourcesBuildPhase;
			buildActionMask = 2147483647;
			files = (
				AE77882428DA08A600014C74 /* ChosunKm.TTF in Resources */,
				AE77883828DB3F0500014C74 /* VITRO CORE TTF.ttf in Resources */,
				AECB775C28CCA139004B77F2 /* .gitignore in Resources */,
				AE77883928DB3F0500014C74 /* VITRO PRIDE TTF.ttf in Resources */,
				AECB779128CE33C8004B77F2 /* OnBoardingItemViewController.xib in Resources */,
				AECB774728CC9EEE004B77F2 /* LaunchScreen.storyboard in Resources */,
				AECB774428CC9EEE004B77F2 /* Assets.xcassets in Resources */,
				AE84D29828F5ADCE0063283A /* GoogleService-Info.plist in Resources */,
				AE77882628DA08AF00014C74 /* ChosunSm.TTF in Resources */,
			);
			runOnlyForDeploymentPostprocessing = 0;
		};
/* End PBXResourcesBuildPhase section */

/* Begin PBXSourcesBuildPhase section */
		AECB773328CC9EEC004B77F2 /* Sources */ = {
			isa = PBXSourcesBuildPhase;
			buildActionMask = 2147483647;
			files = (
				AE77881728D76BBF00014C74 /* CandleModel.swift in Sources */,
				AECB779828CE3B38004B77F2 /* MainListTableViewCell.swift in Sources */,
				AECB775228CC9F3D004B77F2 /* OnBoardingPageViewController.swift in Sources */,
				AECB77B128D36E21004B77F2 /* ChartPatternViewController.swift in Sources */,
				AECB776F28CCBEA8004B77F2 /* BaseCollectionViewCell.swift in Sources */,
				AE77884128DCA14600014C74 /* SettingViewController.swift in Sources */,
				AE77882828DA137100014C74 /* AddressModel.swift in Sources */,
				AECB77B928D495C9004B77F2 /* UIViewController+Extension.swift in Sources */,
				AEB4B60428E1B6500004CE79 /* SearchViewController.swift in Sources */,
				AECB775E28CCA27D004B77F2 /* Transition+Extension.swift in Sources */,
				AECB77A428D06071004B77F2 /* NewsModel.swift in Sources */,
				AECB779428CE3AAA004B77F2 /* MainListViewController.swift in Sources */,
				AEE7228528D6D3F7002B569C /* ChartDetailView.swift in Sources */,
				AEE7227C28D4C371002B569C /* PatternModel.swift in Sources */,
				AECB776628CCA395004B77F2 /* APIManager.swift in Sources */,
				AE5A2ED328E1AC520026E400 /* StockNameModel.swift in Sources */,
				AECB773F28CC9EEC004B77F2 /* ViewController.swift in Sources */,
				AE77883E28DB626700014C74 /* StockRepository.swift in Sources */,
				AEE7228328D6D3EF002B569C /* ChartDetailViewController.swift in Sources */,
				AEE7228028D4CF22002B569C /* ChartPatternHeaderView.swift in Sources */,
				AE77883C28DB625C00014C74 /* StockModel.swift in Sources */,
				AECB776128CCA2AB004B77F2 /* Constant.swift in Sources */,
				AECB776B28CCBE87004B77F2 /* BaseViewController.swift in Sources */,
				AECB77BD28D4AECD004B77F2 /* ChartPatternView.swift in Sources */,
				AE84D2AD28FBE0110063283A /* LabelView.swift in Sources */,
				AECB775928CCA113004B77F2 /* ReusableProtocol.swift in Sources */,
				AE77884A28DD868B00014C74 /* StockTableViewCell.swift in Sources */,
				AE82C66528E440A2002CB358 /* GlobalNewsViewController.swift in Sources */,
				AEC6BC8A2948276500EA7D00 /* CheckNetworkConnection.swift in Sources */,
				AECB779628CE3B2A004B77F2 /* MainListView.swift in Sources */,
				AECB77BB28D49B2A004B77F2 /* Int+Extension.swift in Sources */,
				AECB77AB28D31CAE004B77F2 /* String+Extension.swift in Sources */,
				AECB77A928D06F5C004B77F2 /* NewsTableViewCell.swift in Sources */,
				AECB779D28D05830004B77F2 /* EndPoint.swift in Sources */,
				AE82C66C28E46A37002CB358 /* OpenSourceLicenseTableViewCell.swift in Sources */,
				AECB77AF28D36E14004B77F2 /* CaculateView.swift in Sources */,
				AE77884828DD867F00014C74 /* StockDetailViewController.swift in Sources */,
				AE82C66E28E46CBD002CB358 /* OpenSourceModel.swift in Sources */,
				AE77881A28D8B21400014C74 /* BuyandSellViewController.swift in Sources */,
				AE77881528D766AD00014C74 /* ChartModel.swift in Sources */,
				AECB779028CE33C8004B77F2 /* OnBoardingItemViewController.swift in Sources */,
				AECB77AD28D36E0A004B77F2 /* CaculateViewController.swift in Sources */,
				AE77884328DCA15500014C74 /* SettingTableViewCell.swift in Sources */,
				AECB773B28CC9EEC004B77F2 /* AppDelegate.swift in Sources */,
				AECB77B428D36E5D004B77F2 /* ChartPatternCollectionViewCell.swift in Sources */,
				AECB776428CCA389004B77F2 /* APIKey.swift in Sources */,
				AE84D2AF28FBE5C90063283A /* ButtonView.swift in Sources */,
				AECB776928CCBE74004B77F2 /* BaseView.swift in Sources */,
				AECB77A028D05893004B77F2 /* WeatherModel.swift in Sources */,
				AECB77A728D06F50004B77F2 /* NewsViewController.swift in Sources */,
				AE77881C28D8B21F00014C74 /* BuyandSellView.swift in Sources */,
				AE84D2B128FBE8380063283A /* TextFieldView.swift in Sources */,
				AE82C66728E440C5002CB358 /* DomesticNewsViewController.swift in Sources */,
				AEB4B60628E1B65C0004CE79 /* SearchTableViewCell.swift in Sources */,
				AECB776D28CCBE98004B77F2 /* BaseTableViewCell.swift in Sources */,
				AECB773D28CC9EEC004B77F2 /* SceneDelegate.swift in Sources */,
				AE82C66A28E468C5002CB358 /* OpenSourceLicense.swift in Sources */,
			);
			runOnlyForDeploymentPostprocessing = 0;
		};
/* End PBXSourcesBuildPhase section */

/* Begin PBXVariantGroup section */
		AECB774528CC9EEE004B77F2 /* LaunchScreen.storyboard */ = {
			isa = PBXVariantGroup;
			children = (
				AECB774628CC9EEE004B77F2 /* Base */,
			);
			name = LaunchScreen.storyboard;
			sourceTree = "<group>";
		};
/* End PBXVariantGroup section */

/* Begin XCBuildConfiguration section */
		AECB774928CC9EEE004B77F2 /* Debug */ = {
			isa = XCBuildConfiguration;
			buildSettings = {
				ALWAYS_SEARCH_USER_PATHS = NO;
				CLANG_ANALYZER_NONNULL = YES;
				CLANG_ANALYZER_NUMBER_OBJECT_CONVERSION = YES_AGGRESSIVE;
				CLANG_CXX_LANGUAGE_STANDARD = "gnu++17";
				CLANG_ENABLE_MODULES = YES;
				CLANG_ENABLE_OBJC_ARC = YES;
				CLANG_ENABLE_OBJC_WEAK = YES;
				CLANG_WARN_BLOCK_CAPTURE_AUTORELEASING = YES;
				CLANG_WARN_BOOL_CONVERSION = YES;
				CLANG_WARN_COMMA = YES;
				CLANG_WARN_CONSTANT_CONVERSION = YES;
				CLANG_WARN_DEPRECATED_OBJC_IMPLEMENTATIONS = YES;
				CLANG_WARN_DIRECT_OBJC_ISA_USAGE = YES_ERROR;
				CLANG_WARN_DOCUMENTATION_COMMENTS = YES;
				CLANG_WARN_EMPTY_BODY = YES;
				CLANG_WARN_ENUM_CONVERSION = YES;
				CLANG_WARN_INFINITE_RECURSION = YES;
				CLANG_WARN_INT_CONVERSION = YES;
				CLANG_WARN_NON_LITERAL_NULL_CONVERSION = YES;
				CLANG_WARN_OBJC_IMPLICIT_RETAIN_SELF = YES;
				CLANG_WARN_OBJC_LITERAL_CONVERSION = YES;
				CLANG_WARN_OBJC_ROOT_CLASS = YES_ERROR;
				CLANG_WARN_QUOTED_INCLUDE_IN_FRAMEWORK_HEADER = YES;
				CLANG_WARN_RANGE_LOOP_ANALYSIS = YES;
				CLANG_WARN_STRICT_PROTOTYPES = YES;
				CLANG_WARN_SUSPICIOUS_MOVE = YES;
				CLANG_WARN_UNGUARDED_AVAILABILITY = YES_AGGRESSIVE;
				CLANG_WARN_UNREACHABLE_CODE = YES;
				CLANG_WARN__DUPLICATE_METHOD_MATCH = YES;
				COPY_PHASE_STRIP = NO;
				DEBUG_INFORMATION_FORMAT = dwarf;
				ENABLE_STRICT_OBJC_MSGSEND = YES;
				ENABLE_TESTABILITY = YES;
				GCC_C_LANGUAGE_STANDARD = gnu11;
				GCC_DYNAMIC_NO_PIC = NO;
				GCC_NO_COMMON_BLOCKS = YES;
				GCC_OPTIMIZATION_LEVEL = 0;
				GCC_PREPROCESSOR_DEFINITIONS = (
					"DEBUG=1",
					"$(inherited)",
				);
				GCC_WARN_64_TO_32_BIT_CONVERSION = YES;
				GCC_WARN_ABOUT_RETURN_TYPE = YES_ERROR;
				GCC_WARN_UNDECLARED_SELECTOR = YES;
				GCC_WARN_UNINITIALIZED_AUTOS = YES_AGGRESSIVE;
				GCC_WARN_UNUSED_FUNCTION = YES;
				GCC_WARN_UNUSED_VARIABLE = YES;
				IPHONEOS_DEPLOYMENT_TARGET = 15.0;
				MTL_ENABLE_DEBUG_INFO = INCLUDE_SOURCE;
				MTL_FAST_MATH = YES;
				ONLY_ACTIVE_ARCH = YES;
				SDKROOT = iphoneos;
				SWIFT_ACTIVE_COMPILATION_CONDITIONS = DEBUG;
				SWIFT_OPTIMIZATION_LEVEL = "-Onone";
			};
			name = Debug;
		};
		AECB774A28CC9EEE004B77F2 /* Release */ = {
			isa = XCBuildConfiguration;
			buildSettings = {
				ALWAYS_SEARCH_USER_PATHS = NO;
				CLANG_ANALYZER_NONNULL = YES;
				CLANG_ANALYZER_NUMBER_OBJECT_CONVERSION = YES_AGGRESSIVE;
				CLANG_CXX_LANGUAGE_STANDARD = "gnu++17";
				CLANG_ENABLE_MODULES = YES;
				CLANG_ENABLE_OBJC_ARC = YES;
				CLANG_ENABLE_OBJC_WEAK = YES;
				CLANG_WARN_BLOCK_CAPTURE_AUTORELEASING = YES;
				CLANG_WARN_BOOL_CONVERSION = YES;
				CLANG_WARN_COMMA = YES;
				CLANG_WARN_CONSTANT_CONVERSION = YES;
				CLANG_WARN_DEPRECATED_OBJC_IMPLEMENTATIONS = YES;
				CLANG_WARN_DIRECT_OBJC_ISA_USAGE = YES_ERROR;
				CLANG_WARN_DOCUMENTATION_COMMENTS = YES;
				CLANG_WARN_EMPTY_BODY = YES;
				CLANG_WARN_ENUM_CONVERSION = YES;
				CLANG_WARN_INFINITE_RECURSION = YES;
				CLANG_WARN_INT_CONVERSION = YES;
				CLANG_WARN_NON_LITERAL_NULL_CONVERSION = YES;
				CLANG_WARN_OBJC_IMPLICIT_RETAIN_SELF = YES;
				CLANG_WARN_OBJC_LITERAL_CONVERSION = YES;
				CLANG_WARN_OBJC_ROOT_CLASS = YES_ERROR;
				CLANG_WARN_QUOTED_INCLUDE_IN_FRAMEWORK_HEADER = YES;
				CLANG_WARN_RANGE_LOOP_ANALYSIS = YES;
				CLANG_WARN_STRICT_PROTOTYPES = YES;
				CLANG_WARN_SUSPICIOUS_MOVE = YES;
				CLANG_WARN_UNGUARDED_AVAILABILITY = YES_AGGRESSIVE;
				CLANG_WARN_UNREACHABLE_CODE = YES;
				CLANG_WARN__DUPLICATE_METHOD_MATCH = YES;
				COPY_PHASE_STRIP = NO;
				DEBUG_INFORMATION_FORMAT = "dwarf-with-dsym";
				ENABLE_NS_ASSERTIONS = NO;
				ENABLE_STRICT_OBJC_MSGSEND = YES;
				GCC_C_LANGUAGE_STANDARD = gnu11;
				GCC_NO_COMMON_BLOCKS = YES;
				GCC_WARN_64_TO_32_BIT_CONVERSION = YES;
				GCC_WARN_ABOUT_RETURN_TYPE = YES_ERROR;
				GCC_WARN_UNDECLARED_SELECTOR = YES;
				GCC_WARN_UNINITIALIZED_AUTOS = YES_AGGRESSIVE;
				GCC_WARN_UNUSED_FUNCTION = YES;
				GCC_WARN_UNUSED_VARIABLE = YES;
				IPHONEOS_DEPLOYMENT_TARGET = 15.0;
				MTL_ENABLE_DEBUG_INFO = NO;
				MTL_FAST_MATH = YES;
				SDKROOT = iphoneos;
				SWIFT_COMPILATION_MODE = wholemodule;
				SWIFT_OPTIMIZATION_LEVEL = "-O";
				VALIDATE_PRODUCT = YES;
			};
			name = Release;
		};
		AECB774C28CC9EEE004B77F2 /* Debug */ = {
			isa = XCBuildConfiguration;
			buildSettings = {
				ASSETCATALOG_COMPILER_APPICON_NAME = AppIcon;
				ASSETCATALOG_COMPILER_GLOBAL_ACCENT_COLOR_NAME = AccentColor;
				CODE_SIGN_ENTITLEMENTS = One_Percent/One_Percent.entitlements;
				CODE_SIGN_STYLE = Automatic;
				CURRENT_PROJECT_VERSION = 1;
				DEBUG_INFORMATION_FORMAT = dwarf;
				DEVELOPMENT_TEAM = 7HN73WS8Q5;
				GENERATE_INFOPLIST_FILE = YES;
				INFOPLIST_FILE = One_Percent/Info.plist;
				INFOPLIST_KEY_CFBundleDisplayName = "One Percent";
				INFOPLIST_KEY_LSApplicationCategoryType = "public.app-category.lifestyle";
				INFOPLIST_KEY_NSLocationWhenInUseUsageDescription = "사용자 위치를 기반으로 날씨 정보를 제공하기 위한 위치 권한 승인이 필요합니다.";
				INFOPLIST_KEY_UIApplicationSupportsIndirectInputEvents = YES;
				INFOPLIST_KEY_UILaunchStoryboardName = LaunchScreen;
				INFOPLIST_KEY_UIMainStoryboardFile = "";
				INFOPLIST_KEY_UISupportedInterfaceOrientations = UIInterfaceOrientationPortrait;
				INFOPLIST_KEY_UISupportedInterfaceOrientations_iPad = UIInterfaceOrientationPortrait;
				INFOPLIST_KEY_UISupportedInterfaceOrientations_iPhone = UIInterfaceOrientationPortrait;
				INFOPLIST_KEY_UIUserInterfaceStyle = Dark;
				IPHONEOS_DEPLOYMENT_TARGET = 15.0;
				LD_RUNPATH_SEARCH_PATHS = (
					"$(inherited)",
					"@executable_path/Frameworks",
				);
				MARKETING_VERSION = 1.0.4;
				PRODUCT_BUNDLE_IDENTIFIER = "yeojin.SeSAC.One-Percent";
				PRODUCT_NAME = "$(TARGET_NAME)";
				SUPPORTED_PLATFORMS = "iphoneos iphonesimulator";
				SUPPORTS_MACCATALYST = NO;
				SUPPORTS_MAC_DESIGNED_FOR_IPHONE_IPAD = NO;
				SWIFT_EMIT_LOC_STRINGS = YES;
				SWIFT_VERSION = 5.0;
				TARGETED_DEVICE_FAMILY = 1;
			};
			name = Debug;
		};
		AECB774D28CC9EEE004B77F2 /* Release */ = {
			isa = XCBuildConfiguration;
			buildSettings = {
				ASSETCATALOG_COMPILER_APPICON_NAME = AppIcon;
				ASSETCATALOG_COMPILER_GLOBAL_ACCENT_COLOR_NAME = AccentColor;
				CODE_SIGN_ENTITLEMENTS = One_Percent/One_Percent.entitlements;
				CODE_SIGN_STYLE = Automatic;
				CURRENT_PROJECT_VERSION = 1;
				DEVELOPMENT_TEAM = 7HN73WS8Q5;
				GENERATE_INFOPLIST_FILE = YES;
				INFOPLIST_FILE = One_Percent/Info.plist;
				INFOPLIST_KEY_CFBundleDisplayName = "One Percent";
				INFOPLIST_KEY_LSApplicationCategoryType = "public.app-category.lifestyle";
				INFOPLIST_KEY_NSLocationWhenInUseUsageDescription = "사용자 위치를 기반으로 날씨 정보를 제공하기 위한 위치 권한 승인이 필요합니다.";
				INFOPLIST_KEY_UIApplicationSupportsIndirectInputEvents = YES;
				INFOPLIST_KEY_UILaunchStoryboardName = LaunchScreen;
				INFOPLIST_KEY_UIMainStoryboardFile = "";
				INFOPLIST_KEY_UISupportedInterfaceOrientations = UIInterfaceOrientationPortrait;
				INFOPLIST_KEY_UISupportedInterfaceOrientations_iPad = UIInterfaceOrientationPortrait;
				INFOPLIST_KEY_UISupportedInterfaceOrientations_iPhone = UIInterfaceOrientationPortrait;
				INFOPLIST_KEY_UIUserInterfaceStyle = Dark;
				IPHONEOS_DEPLOYMENT_TARGET = 15.0;
				LD_RUNPATH_SEARCH_PATHS = (
					"$(inherited)",
					"@executable_path/Frameworks",
				);
				MARKETING_VERSION = 1.0.4;
				PRODUCT_BUNDLE_IDENTIFIER = "yeojin.SeSAC.One-Percent";
				PRODUCT_NAME = "$(TARGET_NAME)";
				SUPPORTED_PLATFORMS = "iphoneos iphonesimulator";
				SUPPORTS_MACCATALYST = NO;
				SUPPORTS_MAC_DESIGNED_FOR_IPHONE_IPAD = NO;
				SWIFT_EMIT_LOC_STRINGS = YES;
				SWIFT_VERSION = 5.0;
				TARGETED_DEVICE_FAMILY = 1;
			};
			name = Release;
		};
/* End XCBuildConfiguration section */

/* Begin XCConfigurationList section */
		AECB773228CC9EEC004B77F2 /* Build configuration list for PBXProject "One_Percent" */ = {
			isa = XCConfigurationList;
			buildConfigurations = (
				AECB774928CC9EEE004B77F2 /* Debug */,
				AECB774A28CC9EEE004B77F2 /* Release */,
			);
			defaultConfigurationIsVisible = 0;
			defaultConfigurationName = Release;
		};
		AECB774B28CC9EEE004B77F2 /* Build configuration list for PBXNativeTarget "One_Percent" */ = {
			isa = XCConfigurationList;
			buildConfigurations = (
				AECB774C28CC9EEE004B77F2 /* Debug */,
				AECB774D28CC9EEE004B77F2 /* Release */,
			);
			defaultConfigurationIsVisible = 0;
			defaultConfigurationName = Release;
		};
/* End XCConfigurationList section */

/* Begin XCRemoteSwiftPackageReference section */
		AE77882928DA268F00014C74 /* XCRemoteSwiftPackageReference "Kingfisher" */ = {
			isa = XCRemoteSwiftPackageReference;
			repositoryURL = "https://github.com/onevcat/Kingfisher.git";
			requirement = {
				kind = upToNextMajorVersion;
				minimumVersion = 7.0.0;
			};
		};
		AE82C66128E3F798002CB358 /* XCRemoteSwiftPackageReference "Tabman" */ = {
			isa = XCRemoteSwiftPackageReference;
			repositoryURL = "https://github.com/uias/Tabman.git";
			requirement = {
				kind = upToNextMajorVersion;
				minimumVersion = 2.0.0;
			};
		};
		AE84D29928F5AE320063283A /* XCRemoteSwiftPackageReference "firebase-ios-sdk" */ = {
			isa = XCRemoteSwiftPackageReference;
			repositoryURL = "https://github.com/firebase/firebase-ios-sdk";
			requirement = {
				kind = upToNextMajorVersion;
				minimumVersion = 9.0.0;
			};
		};
		AEC26DB028F3242B00D7900B /* XCRemoteSwiftPackageReference "realm-swift" */ = {
			isa = XCRemoteSwiftPackageReference;
			repositoryURL = "https://github.com/realm/realm-swift.git";
			requirement = {
				kind = exactVersion;
				version = 10.30.0;
			};
		};
		AECB777228CE2C43004B77F2 /* XCRemoteSwiftPackageReference "SnapKit" */ = {
			isa = XCRemoteSwiftPackageReference;
			repositoryURL = "https://github.com/SnapKit/SnapKit.git";
			requirement = {
				kind = upToNextMajorVersion;
				minimumVersion = 5.0.0;
			};
		};
		AECB777528CE2C4D004B77F2 /* XCRemoteSwiftPackageReference "Then" */ = {
			isa = XCRemoteSwiftPackageReference;
			repositoryURL = "https://github.com/devxoul/Then.git";
			requirement = {
				kind = upToNextMajorVersion;
				minimumVersion = 3.0.0;
			};
		};
		AECB778028CE2CAC004B77F2 /* XCRemoteSwiftPackageReference "Alamofire" */ = {
			isa = XCRemoteSwiftPackageReference;
			repositoryURL = "https://github.com/Alamofire/Alamofire.git";
			requirement = {
				kind = upToNextMajorVersion;
				minimumVersion = 5.0.0;
			};
		};
		AECB778328CE2CBC004B77F2 /* XCRemoteSwiftPackageReference "SwiftyJSON" */ = {
			isa = XCRemoteSwiftPackageReference;
			repositoryURL = "https://github.com/SwiftyJSON/SwiftyJSON.git";
			requirement = {
				kind = upToNextMajorVersion;
				minimumVersion = 5.0.0;
			};
		};
		AECB778628CE2D5A004B77F2 /* XCRemoteSwiftPackageReference "JGProgressHUD" */ = {
			isa = XCRemoteSwiftPackageReference;
			repositoryURL = "https://github.com/JonasGessner/JGProgressHUD.git";
			requirement = {
				kind = upToNextMajorVersion;
				minimumVersion = 2.0.0;
			};
		};
/* End XCRemoteSwiftPackageReference section */

/* Begin XCSwiftPackageProductDependency section */
		AE77882A28DA268F00014C74 /* Kingfisher */ = {
			isa = XCSwiftPackageProductDependency;
			package = AE77882928DA268F00014C74 /* XCRemoteSwiftPackageReference "Kingfisher" */;
			productName = Kingfisher;
		};
		AE82C66228E3F798002CB358 /* Tabman */ = {
			isa = XCSwiftPackageProductDependency;
			package = AE82C66128E3F798002CB358 /* XCRemoteSwiftPackageReference "Tabman" */;
			productName = Tabman;
		};
		AE84D29A28F5AE320063283A /* FirebaseAnalyticsWithoutAdIdSupport */ = {
			isa = XCSwiftPackageProductDependency;
			package = AE84D29928F5AE320063283A /* XCRemoteSwiftPackageReference "firebase-ios-sdk" */;
			productName = FirebaseAnalyticsWithoutAdIdSupport;
		};
		AE84D29C28F5AE320063283A /* FirebaseCrashlytics */ = {
			isa = XCSwiftPackageProductDependency;
			package = AE84D29928F5AE320063283A /* XCRemoteSwiftPackageReference "firebase-ios-sdk" */;
			productName = FirebaseCrashlytics;
		};
		AE84D29E28F5AE320063283A /* FirebaseMessaging */ = {
			isa = XCSwiftPackageProductDependency;
			package = AE84D29928F5AE320063283A /* XCRemoteSwiftPackageReference "firebase-ios-sdk" */;
			productName = FirebaseMessaging;
		};
		AEC26DB128F3242B00D7900B /* RealmSwift */ = {
			isa = XCSwiftPackageProductDependency;
			package = AEC26DB028F3242B00D7900B /* XCRemoteSwiftPackageReference "realm-swift" */;
			productName = RealmSwift;
		};
		AECB777328CE2C43004B77F2 /* SnapKit */ = {
			isa = XCSwiftPackageProductDependency;
			package = AECB777228CE2C43004B77F2 /* XCRemoteSwiftPackageReference "SnapKit" */;
			productName = SnapKit;
		};
		AECB777628CE2C4D004B77F2 /* Then */ = {
			isa = XCSwiftPackageProductDependency;
			package = AECB777528CE2C4D004B77F2 /* XCRemoteSwiftPackageReference "Then" */;
			productName = Then;
		};
		AECB778128CE2CAC004B77F2 /* Alamofire */ = {
			isa = XCSwiftPackageProductDependency;
			package = AECB778028CE2CAC004B77F2 /* XCRemoteSwiftPackageReference "Alamofire" */;
			productName = Alamofire;
		};
		AECB778428CE2CBC004B77F2 /* SwiftyJSON */ = {
			isa = XCSwiftPackageProductDependency;
			package = AECB778328CE2CBC004B77F2 /* XCRemoteSwiftPackageReference "SwiftyJSON" */;
			productName = SwiftyJSON;
		};
		AECB778728CE2D5B004B77F2 /* JGProgressHUD */ = {
			isa = XCSwiftPackageProductDependency;
			package = AECB778628CE2D5A004B77F2 /* XCRemoteSwiftPackageReference "JGProgressHUD" */;
			productName = JGProgressHUD;
		};
/* End XCSwiftPackageProductDependency section */
	};
	rootObject = AECB772F28CC9EEC004B77F2 /* Project object */;
}
